
Microsoft Visual Studio Solution File, Format Version 12.00
Project("{FAE04EC0-301F-11D3-BF4B-00C04F79EFBC}") = "Demo1423", "Demo1423\Demo1423.csproj", "{6D1349E4-E0F7-4A6D-9FB0-A2771842E891}"
EndProject
Project("{FAE04EC0-301F-11D3-BF4B-00C04F79EFBC}") = "Demo1038", "Demo1038\Demo1038.csproj", "{0EF197D8-E62C-4465-8EC7-645B7BE341EB}"
EndProject
Project("{FAE04EC0-301F-11D3-BF4B-00C04F79EFBC}") = "TreeNode", "TreeNode\TreeNode.csproj", "{E1501D04-DF14-4132-900E-D142EDD64F43}"
EndProject
Project("{FAE04EC0-301F-11D3-BF4B-00C04F79EFBC}") = "Demo2660", "Demo2660\Demo2660.csproj", "{558643E1-974D-47C5-8EFE-9135BABB1686}"
EndProject
Project("{FAE04EC0-301F-11D3-BF4B-00C04F79EFBC}") = "Demo2735", "Demo2735\Demo2735.csproj", "{14B3D448-031E-47A0-892A-6B835B310312}"
EndProject
Project("{FAE04EC0-301F-11D3-BF4B-00C04F79EFBC}") = "Demo2706", "Demo2706\Demo2706.csproj", "{9D4ADBA0-50A0-4897-98A4-06C66CABBC64}"
EndProject
Project("{FAE04EC0-301F-11D3-BF4B-00C04F79EFBC}") = "Demo460", "Demo460\Demo460.csproj", "{3F6C3498-D1C9-4994-8AA6-F46FBE282471}"
EndProject
Project("{FAE04EC0-301F-11D3-BF4B-00C04F79EFBC}") = "Demo2487", "Demo2487\Demo2487.csproj", "{033536AD-78F1-489B-B438-7D6526C71A5E}"
EndProject
Project("{FAE04EC0-301F-11D3-BF4B-00C04F79EFBC}") = "Demo2397", "Demo2397\Demo2397.csproj", "{4AEC31A2-5D88-4440-8F69-71ECEBC1D0D1}"
EndProject
Project("{FAE04EC0-301F-11D3-BF4B-00C04F79EFBC}") = "Demo1944", "Demo1944\Demo1944.csproj", "{1BBCF514-B74E-42BC-A497-6FC39331908B}"
EndProject
Project("{FAE04EC0-301F-11D3-BF4B-00C04F79EFBC}") = "Demo2024", "Demo2024\Demo2024.csproj", "{9082C196-3C84-48C6-AAF6-7DD9EF4A4F98}"
EndProject
Project("{FAE04EC0-301F-11D3-BF4B-00C04F79EFBC}") = "Demo2135", "Demo2135\Demo2135.csproj", "{AE5BD9F7-A056-4156-9723-A7ACF83E22A0}"
EndProject
Project("{FAE04EC0-301F-11D3-BF4B-00C04F79EFBC}") = "Demo447", "Demo447\Demo447.csproj", "{24F10DFC-F023-488E-ADB6-0797D6DCE3E4}"
EndProject
Project("{FAE04EC0-301F-11D3-BF4B-00C04F79EFBC}") = "Demo2707", "Demo2707\Demo2707.csproj", "{55108D45-6D99-4255-9768-54E815754DAD}"
EndProject
Project("{FAE04EC0-301F-11D3-BF4B-00C04F79EFBC}") = "Demo27", "Demo27\Demo27.csproj", "{8B7BE3D6-DB44-4FD2-97C4-6B1D39632354}"
EndProject
Project("{FAE04EC0-301F-11D3-BF4B-00C04F79EFBC}") = "Demo56", "Demo56\Demo56.csproj", "{2038A756-2E0B-453C-BE94-8E53C9DEAD59}"
EndProject
Project("{FAE04EC0-301F-11D3-BF4B-00C04F79EFBC}") = "Demo2645", "Demo2645\Demo2645.csproj", "{8A0A0B7E-C823-4644-9BDC-5BEFA3390854}"
EndProject
Project("{FAE04EC0-301F-11D3-BF4B-00C04F79EFBC}") = "Demo686", "Demo686\Demo686.csproj", "{0A2706C3-6444-49FE-922B-007EBA88366E}"
EndProject
Project("{FAE04EC0-301F-11D3-BF4B-00C04F79EFBC}") = "Demo2085", "Demo2085\Demo2085.csproj", "{C8A79633-0B43-4C59-90F3-855EC643D166}"
EndProject
Project("{FAE04EC0-301F-11D3-BF4B-00C04F79EFBC}") = "Demo2006", "Demo2006\Demo2006.csproj", "{07188C90-0F7E-43CA-85D8-193FEFAD8AE7}"
EndProject
Project("{FAE04EC0-301F-11D3-BF4B-00C04F79EFBC}") = "Demo2022", "Demo2022\Demo2022.csproj", "{CA4F50EA-1E58-4883-AC51-73D4110FE955}"
EndProject
Project("{FAE04EC0-301F-11D3-BF4B-00C04F79EFBC}") = "Demo2075", "Demo2075\Demo2075.csproj", "{83DF606F-B02A-40AB-AC8A-62A702838B18}"
EndProject
Project("{FAE04EC0-301F-11D3-BF4B-00C04F79EFBC}") = "Demo82", "Demo82\Demo82.csproj", "{2CBA8C9F-F8F5-4C0E-BCE8-D3C9E1CF4636}"
EndProject
Project("{FAE04EC0-301F-11D3-BF4B-00C04F79EFBC}") = "Demo49", "Demo49\Demo49.csproj", "{7FDDB9CB-CA9F-4AA5-882C-718A50B5421B}"
EndProject
Project("{FAE04EC0-301F-11D3-BF4B-00C04F79EFBC}") = "Demo128", "Demo128\Demo128.csproj", "{25255BA3-126F-45DA-9365-CE32F8AA61BE}"
EndProject
Project("{FAE04EC0-301F-11D3-BF4B-00C04F79EFBC}") = "Demo1", "Demo1\Demo1.csproj", "{D5C59F02-31F9-4D7C-BFB4-EF5AE7C97597}"
EndProject
Project("{FAE04EC0-301F-11D3-BF4B-00C04F79EFBC}") = "Demo2719", "Demo2719\Demo2719.csproj", "{33DCFC40-E345-4E5A-9448-9C75DF3AA405}"
EndProject
Project("{FAE04EC0-301F-11D3-BF4B-00C04F79EFBC}") = "Demo283", "Demo283\Demo283.csproj", "{165755AF-9057-4433-AFD2-E3A87451EF55}"
EndProject
Project("{FAE04EC0-301F-11D3-BF4B-00C04F79EFBC}") = "Demo11", "Demo11\Demo11.csproj", "{F7FB689D-2C3C-47AC-9FEA-64055BD59FBF}"
EndProject
Project("{FAE04EC0-301F-11D3-BF4B-00C04F79EFBC}") = "Demo2744", "Demo2744\Demo2744.csproj", "{CD94FDD2-4A6F-42CC-9067-B939F05FB1D8}"
EndProject
Project("{FAE04EC0-301F-11D3-BF4B-00C04F79EFBC}") = "Demo15", "Demo15\Demo15.csproj", "{FD7ACEDD-2C3D-4A99-8214-D10183CA101A}"
EndProject
Project("{FAE04EC0-301F-11D3-BF4B-00C04F79EFBC}") = "Demo2171", "Demo2171\Demo2171.csproj", "{62DD68F6-BBBB-4331-BF3E-D9AA7663332E}"
EndProject
Project("{FAE04EC0-301F-11D3-BF4B-00C04F79EFBC}") = "Demo670", "Demo670\Demo670.csproj", "{738019C6-77DC-431E-8DEF-326A03FEF296}"
EndProject
Global
	GlobalSection(SolutionConfigurationPlatforms) = preSolution
		Debug|Any CPU = Debug|Any CPU
		Release|Any CPU = Release|Any CPU
	EndGlobalSection
	GlobalSection(ProjectConfigurationPlatforms) = postSolution
		{6D1349E4-E0F7-4A6D-9FB0-A2771842E891}.Debug|Any CPU.ActiveCfg = Debug|Any CPU
		{6D1349E4-E0F7-4A6D-9FB0-A2771842E891}.Debug|Any CPU.Build.0 = Debug|Any CPU
		{6D1349E4-E0F7-4A6D-9FB0-A2771842E891}.Release|Any CPU.ActiveCfg = Release|Any CPU
		{6D1349E4-E0F7-4A6D-9FB0-A2771842E891}.Release|Any CPU.Build.0 = Release|Any CPU
		{0EF197D8-E62C-4465-8EC7-645B7BE341EB}.Debug|Any CPU.ActiveCfg = Debug|Any CPU
		{0EF197D8-E62C-4465-8EC7-645B7BE341EB}.Debug|Any CPU.Build.0 = Debug|Any CPU
		{0EF197D8-E62C-4465-8EC7-645B7BE341EB}.Release|Any CPU.ActiveCfg = Release|Any CPU
		{0EF197D8-E62C-4465-8EC7-645B7BE341EB}.Release|Any CPU.Build.0 = Release|Any CPU
		{E1501D04-DF14-4132-900E-D142EDD64F43}.Debug|Any CPU.ActiveCfg = Debug|Any CPU
		{E1501D04-DF14-4132-900E-D142EDD64F43}.Debug|Any CPU.Build.0 = Debug|Any CPU
		{E1501D04-DF14-4132-900E-D142EDD64F43}.Release|Any CPU.ActiveCfg = Release|Any CPU
		{E1501D04-DF14-4132-900E-D142EDD64F43}.Release|Any CPU.Build.0 = Release|Any CPU
		{558643E1-974D-47C5-8EFE-9135BABB1686}.Debug|Any CPU.ActiveCfg = Debug|Any CPU
		{558643E1-974D-47C5-8EFE-9135BABB1686}.Debug|Any CPU.Build.0 = Debug|Any CPU
		{558643E1-974D-47C5-8EFE-9135BABB1686}.Release|Any CPU.ActiveCfg = Release|Any CPU
		{558643E1-974D-47C5-8EFE-9135BABB1686}.Release|Any CPU.Build.0 = Release|Any CPU
		{14B3D448-031E-47A0-892A-6B835B310312}.Debug|Any CPU.ActiveCfg = Debug|Any CPU
		{14B3D448-031E-47A0-892A-6B835B310312}.Debug|Any CPU.Build.0 = Debug|Any CPU
		{14B3D448-031E-47A0-892A-6B835B310312}.Release|Any CPU.ActiveCfg = Release|Any CPU
		{14B3D448-031E-47A0-892A-6B835B310312}.Release|Any CPU.Build.0 = Release|Any CPU
		{9D4ADBA0-50A0-4897-98A4-06C66CABBC64}.Debug|Any CPU.ActiveCfg = Debug|Any CPU
		{9D4ADBA0-50A0-4897-98A4-06C66CABBC64}.Debug|Any CPU.Build.0 = Debug|Any CPU
		{9D4ADBA0-50A0-4897-98A4-06C66CABBC64}.Release|Any CPU.ActiveCfg = Release|Any CPU
		{9D4ADBA0-50A0-4897-98A4-06C66CABBC64}.Release|Any CPU.Build.0 = Release|Any CPU
		{3F6C3498-D1C9-4994-8AA6-F46FBE282471}.Debug|Any CPU.ActiveCfg = Debug|Any CPU
		{3F6C3498-D1C9-4994-8AA6-F46FBE282471}.Debug|Any CPU.Build.0 = Debug|Any CPU
		{3F6C3498-D1C9-4994-8AA6-F46FBE282471}.Release|Any CPU.ActiveCfg = Release|Any CPU
		{3F6C3498-D1C9-4994-8AA6-F46FBE282471}.Release|Any CPU.Build.0 = Release|Any CPU
		{033536AD-78F1-489B-B438-7D6526C71A5E}.Debug|Any CPU.ActiveCfg = Debug|Any CPU
		{033536AD-78F1-489B-B438-7D6526C71A5E}.Debug|Any CPU.Build.0 = Debug|Any CPU
		{033536AD-78F1-489B-B438-7D6526C71A5E}.Release|Any CPU.ActiveCfg = Release|Any CPU
		{033536AD-78F1-489B-B438-7D6526C71A5E}.Release|Any CPU.Build.0 = Release|Any CPU
		{4AEC31A2-5D88-4440-8F69-71ECEBC1D0D1}.Debug|Any CPU.ActiveCfg = Debug|Any CPU
		{4AEC31A2-5D88-4440-8F69-71ECEBC1D0D1}.Debug|Any CPU.Build.0 = Debug|Any CPU
		{4AEC31A2-5D88-4440-8F69-71ECEBC1D0D1}.Release|Any CPU.ActiveCfg = Release|Any CPU
		{4AEC31A2-5D88-4440-8F69-71ECEBC1D0D1}.Release|Any CPU.Build.0 = Release|Any CPU
		{1BBCF514-B74E-42BC-A497-6FC39331908B}.Debug|Any CPU.ActiveCfg = Debug|Any CPU
		{1BBCF514-B74E-42BC-A497-6FC39331908B}.Debug|Any CPU.Build.0 = Debug|Any CPU
		{1BBCF514-B74E-42BC-A497-6FC39331908B}.Release|Any CPU.ActiveCfg = Release|Any CPU
		{1BBCF514-B74E-42BC-A497-6FC39331908B}.Release|Any CPU.Build.0 = Release|Any CPU
		{9082C196-3C84-48C6-AAF6-7DD9EF4A4F98}.Debug|Any CPU.ActiveCfg = Debug|Any CPU
		{9082C196-3C84-48C6-AAF6-7DD9EF4A4F98}.Debug|Any CPU.Build.0 = Debug|Any CPU
		{9082C196-3C84-48C6-AAF6-7DD9EF4A4F98}.Release|Any CPU.ActiveCfg = Release|Any CPU
		{9082C196-3C84-48C6-AAF6-7DD9EF4A4F98}.Release|Any CPU.Build.0 = Release|Any CPU
		{AE5BD9F7-A056-4156-9723-A7ACF83E22A0}.Debug|Any CPU.ActiveCfg = Debug|Any CPU
		{AE5BD9F7-A056-4156-9723-A7ACF83E22A0}.Debug|Any CPU.Build.0 = Debug|Any CPU
		{AE5BD9F7-A056-4156-9723-A7ACF83E22A0}.Release|Any CPU.ActiveCfg = Release|Any CPU
		{AE5BD9F7-A056-4156-9723-A7ACF83E22A0}.Release|Any CPU.Build.0 = Release|Any CPU
		{24F10DFC-F023-488E-ADB6-0797D6DCE3E4}.Debug|Any CPU.ActiveCfg = Debug|Any CPU
		{24F10DFC-F023-488E-ADB6-0797D6DCE3E4}.Debug|Any CPU.Build.0 = Debug|Any CPU
		{24F10DFC-F023-488E-ADB6-0797D6DCE3E4}.Release|Any CPU.ActiveCfg = Release|Any CPU
		{24F10DFC-F023-488E-ADB6-0797D6DCE3E4}.Release|Any CPU.Build.0 = Release|Any CPU
		{55108D45-6D99-4255-9768-54E815754DAD}.Debug|Any CPU.ActiveCfg = Debug|Any CPU
		{55108D45-6D99-4255-9768-54E815754DAD}.Debug|Any CPU.Build.0 = Debug|Any CPU
		{55108D45-6D99-4255-9768-54E815754DAD}.Release|Any CPU.ActiveCfg = Release|Any CPU
		{55108D45-6D99-4255-9768-54E815754DAD}.Release|Any CPU.Build.0 = Release|Any CPU
		{8B7BE3D6-DB44-4FD2-97C4-6B1D39632354}.Debug|Any CPU.ActiveCfg = Debug|Any CPU
		{8B7BE3D6-DB44-4FD2-97C4-6B1D39632354}.Debug|Any CPU.Build.0 = Debug|Any CPU
		{8B7BE3D6-DB44-4FD2-97C4-6B1D39632354}.Release|Any CPU.ActiveCfg = Release|Any CPU
		{8B7BE3D6-DB44-4FD2-97C4-6B1D39632354}.Release|Any CPU.Build.0 = Release|Any CPU
		{2038A756-2E0B-453C-BE94-8E53C9DEAD59}.Debug|Any CPU.ActiveCfg = Debug|Any CPU
		{2038A756-2E0B-453C-BE94-8E53C9DEAD59}.Debug|Any CPU.Build.0 = Debug|Any CPU
		{2038A756-2E0B-453C-BE94-8E53C9DEAD59}.Release|Any CPU.ActiveCfg = Release|Any CPU
		{2038A756-2E0B-453C-BE94-8E53C9DEAD59}.Release|Any CPU.Build.0 = Release|Any CPU
		{8A0A0B7E-C823-4644-9BDC-5BEFA3390854}.Debug|Any CPU.ActiveCfg = Debug|Any CPU
		{8A0A0B7E-C823-4644-9BDC-5BEFA3390854}.Debug|Any CPU.Build.0 = Debug|Any CPU
		{8A0A0B7E-C823-4644-9BDC-5BEFA3390854}.Release|Any CPU.ActiveCfg = Release|Any CPU
		{8A0A0B7E-C823-4644-9BDC-5BEFA3390854}.Release|Any CPU.Build.0 = Release|Any CPU
		{0A2706C3-6444-49FE-922B-007EBA88366E}.Debug|Any CPU.ActiveCfg = Debug|Any CPU
		{0A2706C3-6444-49FE-922B-007EBA88366E}.Debug|Any CPU.Build.0 = Debug|Any CPU
		{0A2706C3-6444-49FE-922B-007EBA88366E}.Release|Any CPU.ActiveCfg = Release|Any CPU
		{0A2706C3-6444-49FE-922B-007EBA88366E}.Release|Any CPU.Build.0 = Release|Any CPU
		{C8A79633-0B43-4C59-90F3-855EC643D166}.Debug|Any CPU.ActiveCfg = Debug|Any CPU
		{C8A79633-0B43-4C59-90F3-855EC643D166}.Debug|Any CPU.Build.0 = Debug|Any CPU
		{C8A79633-0B43-4C59-90F3-855EC643D166}.Release|Any CPU.ActiveCfg = Release|Any CPU
		{C8A79633-0B43-4C59-90F3-855EC643D166}.Release|Any CPU.Build.0 = Release|Any CPU
		{07188C90-0F7E-43CA-85D8-193FEFAD8AE7}.Debug|Any CPU.ActiveCfg = Debug|Any CPU
		{07188C90-0F7E-43CA-85D8-193FEFAD8AE7}.Debug|Any CPU.Build.0 = Debug|Any CPU
		{07188C90-0F7E-43CA-85D8-193FEFAD8AE7}.Release|Any CPU.ActiveCfg = Release|Any CPU
		{07188C90-0F7E-43CA-85D8-193FEFAD8AE7}.Release|Any CPU.Build.0 = Release|Any CPU
		{CA4F50EA-1E58-4883-AC51-73D4110FE955}.Debug|Any CPU.ActiveCfg = Debug|Any CPU
		{CA4F50EA-1E58-4883-AC51-73D4110FE955}.Debug|Any CPU.Build.0 = Debug|Any CPU
		{CA4F50EA-1E58-4883-AC51-73D4110FE955}.Release|Any CPU.ActiveCfg = Release|Any CPU
		{CA4F50EA-1E58-4883-AC51-73D4110FE955}.Release|Any CPU.Build.0 = Release|Any CPU
		{83DF606F-B02A-40AB-AC8A-62A702838B18}.Debug|Any CPU.ActiveCfg = Debug|Any CPU
		{83DF606F-B02A-40AB-AC8A-62A702838B18}.Debug|Any CPU.Build.0 = Debug|Any CPU
		{83DF606F-B02A-40AB-AC8A-62A702838B18}.Release|Any CPU.ActiveCfg = Release|Any CPU
		{83DF606F-B02A-40AB-AC8A-62A702838B18}.Release|Any CPU.Build.0 = Release|Any CPU
		{2CBA8C9F-F8F5-4C0E-BCE8-D3C9E1CF4636}.Debug|Any CPU.ActiveCfg = Debug|Any CPU
		{2CBA8C9F-F8F5-4C0E-BCE8-D3C9E1CF4636}.Debug|Any CPU.Build.0 = Debug|Any CPU
		{2CBA8C9F-F8F5-4C0E-BCE8-D3C9E1CF4636}.Release|Any CPU.ActiveCfg = Release|Any CPU
		{2CBA8C9F-F8F5-4C0E-BCE8-D3C9E1CF4636}.Release|Any CPU.Build.0 = Release|Any CPU
		{7FDDB9CB-CA9F-4AA5-882C-718A50B5421B}.Debug|Any CPU.ActiveCfg = Debug|Any CPU
		{7FDDB9CB-CA9F-4AA5-882C-718A50B5421B}.Debug|Any CPU.Build.0 = Debug|Any CPU
		{7FDDB9CB-CA9F-4AA5-882C-718A50B5421B}.Release|Any CPU.ActiveCfg = Release|Any CPU
		{7FDDB9CB-CA9F-4AA5-882C-718A50B5421B}.Release|Any CPU.Build.0 = Release|Any CPU
		{25255BA3-126F-45DA-9365-CE32F8AA61BE}.Debug|Any CPU.ActiveCfg = Debug|Any CPU
		{25255BA3-126F-45DA-9365-CE32F8AA61BE}.Debug|Any CPU.Build.0 = Debug|Any CPU
		{25255BA3-126F-45DA-9365-CE32F8AA61BE}.Release|Any CPU.ActiveCfg = Release|Any CPU
		{25255BA3-126F-45DA-9365-CE32F8AA61BE}.Release|Any CPU.Build.0 = Release|Any CPU
		{D5C59F02-31F9-4D7C-BFB4-EF5AE7C97597}.Debug|Any CPU.ActiveCfg = Debug|Any CPU
		{D5C59F02-31F9-4D7C-BFB4-EF5AE7C97597}.Debug|Any CPU.Build.0 = Debug|Any CPU
		{D5C59F02-31F9-4D7C-BFB4-EF5AE7C97597}.Release|Any CPU.ActiveCfg = Release|Any CPU
		{D5C59F02-31F9-4D7C-BFB4-EF5AE7C97597}.Release|Any CPU.Build.0 = Release|Any CPU
		{33DCFC40-E345-4E5A-9448-9C75DF3AA405}.Debug|Any CPU.ActiveCfg = Debug|Any CPU
		{33DCFC40-E345-4E5A-9448-9C75DF3AA405}.Debug|Any CPU.Build.0 = Debug|Any CPU
		{33DCFC40-E345-4E5A-9448-9C75DF3AA405}.Release|Any CPU.ActiveCfg = Release|Any CPU
		{33DCFC40-E345-4E5A-9448-9C75DF3AA405}.Release|Any CPU.Build.0 = Release|Any CPU
		{165755AF-9057-4433-AFD2-E3A87451EF55}.Debug|Any CPU.ActiveCfg = Debug|Any CPU
		{165755AF-9057-4433-AFD2-E3A87451EF55}.Debug|Any CPU.Build.0 = Debug|Any CPU
		{165755AF-9057-4433-AFD2-E3A87451EF55}.Release|Any CPU.ActiveCfg = Release|Any CPU
		{165755AF-9057-4433-AFD2-E3A87451EF55}.Release|Any CPU.Build.0 = Release|Any CPU
		{F7FB689D-2C3C-47AC-9FEA-64055BD59FBF}.Debug|Any CPU.ActiveCfg = Debug|Any CPU
		{F7FB689D-2C3C-47AC-9FEA-64055BD59FBF}.Debug|Any CPU.Build.0 = Debug|Any CPU
		{F7FB689D-2C3C-47AC-9FEA-64055BD59FBF}.Release|Any CPU.ActiveCfg = Release|Any CPU
		{F7FB689D-2C3C-47AC-9FEA-64055BD59FBF}.Release|Any CPU.Build.0 = Release|Any CPU
		{CD94FDD2-4A6F-42CC-9067-B939F05FB1D8}.Debug|Any CPU.ActiveCfg = Debug|Any CPU
		{CD94FDD2-4A6F-42CC-9067-B939F05FB1D8}.Debug|Any CPU.Build.0 = Debug|Any CPU
		{CD94FDD2-4A6F-42CC-9067-B939F05FB1D8}.Release|Any CPU.ActiveCfg = Release|Any CPU
		{CD94FDD2-4A6F-42CC-9067-B939F05FB1D8}.Release|Any CPU.Build.0 = Release|Any CPU
		{FD7ACEDD-2C3D-4A99-8214-D10183CA101A}.Debug|Any CPU.ActiveCfg = Debug|Any CPU
		{FD7ACEDD-2C3D-4A99-8214-D10183CA101A}.Debug|Any CPU.Build.0 = Debug|Any CPU
		{FD7ACEDD-2C3D-4A99-8214-D10183CA101A}.Release|Any CPU.ActiveCfg = Release|Any CPU
		{FD7ACEDD-2C3D-4A99-8214-D10183CA101A}.Release|Any CPU.Build.0 = Release|Any CPU
		{62DD68F6-BBBB-4331-BF3E-D9AA7663332E}.Debug|Any CPU.ActiveCfg = Debug|Any CPU
		{62DD68F6-BBBB-4331-BF3E-D9AA7663332E}.Debug|Any CPU.Build.0 = Debug|Any CPU
		{62DD68F6-BBBB-4331-BF3E-D9AA7663332E}.Release|Any CPU.ActiveCfg = Release|Any CPU
		{62DD68F6-BBBB-4331-BF3E-D9AA7663332E}.Release|Any CPU.Build.0 = Release|Any CPU
		{738019C6-77DC-431E-8DEF-326A03FEF296}.Debug|Any CPU.ActiveCfg = Debug|Any CPU
		{738019C6-77DC-431E-8DEF-326A03FEF296}.Debug|Any CPU.Build.0 = Debug|Any CPU
		{738019C6-77DC-431E-8DEF-326A03FEF296}.Release|Any CPU.ActiveCfg = Release|Any CPU
		{738019C6-77DC-431E-8DEF-326A03FEF296}.Release|Any CPU.Build.0 = Release|Any CPU
	EndGlobalSection
EndGlobal
