
Microsoft Visual Studio Solution File, Format Version 12.00
#
Project("{FAE04EC0-301F-11D3-BF4B-00C04F79EFBC}") = "Demo1423", "Demo1423\Demo1423.csproj", "{6D1349E4-E0F7-4A6D-9FB0-A2771842E891}"
EndProject
Project("{FAE04EC0-301F-11D3-BF4B-00C04F79EFBC}") = "Demo1038", "Demo1038\Demo1038.csproj", "{0EF197D8-E62C-4465-8EC7-645B7BE341EB}"
EndProject
Project("{FAE04EC0-301F-11D3-BF4B-00C04F79EFBC}") = "TreeNode", "TreeNode\TreeNode.csproj", "{E1501D04-DF14-4132-900E-D142EDD64F43}"
EndProject
Project("{FAE04EC0-301F-11D3-BF4B-00C04F79EFBC}") = "Demo2660", "Demo2660\Demo2660.csproj", "{558643E1-974D-47C5-8EFE-9135BABB1686}"
EndProject
Project("{FAE04EC0-301F-11D3-BF4B-00C04F79EFBC}") = "Demo2735", "Demo2735\Demo2735.csproj", "{14B3D448-031E-47A0-892A-6B835B310312}"
EndProject
Project("{FAE04EC0-301F-11D3-BF4B-00C04F79EFBC}") = "Demo2706", "Demo2706\Demo2706.csproj", "{9D4ADBA0-50A0-4897-98A4-06C66CABBC64}"
EndProject
Project("{FAE04EC0-301F-11D3-BF4B-00C04F79EFBC}") = "Demo460", "Demo460\Demo460.csproj", "{3F6C3498-D1C9-4994-8AA6-F46FBE282471}"
EndProject
Project("{FAE04EC0-301F-11D3-BF4B-00C04F79EFBC}") = "Demo2487", "Demo2487\Demo2487.csproj", "{033536AD-78F1-489B-B438-7D6526C71A5E}"
EndProject
Project("{FAE04EC0-301F-11D3-BF4B-00C04F79EFBC}") = "Demo2397", "Demo2397\Demo2397.csproj", "{4AEC31A2-5D88-4440-8F69-71ECEBC1D0D1}"
EndProject
Project("{FAE04EC0-301F-11D3-BF4B-00C04F79EFBC}") = "Demo1944", "Demo1944\Demo1944.csproj", "{1BBCF514-B74E-42BC-A497-6FC39331908B}"
EndProject
Project("{FAE04EC0-301F-11D3-BF4B-00C04F79EFBC}") = "Demo2024", "Demo2024\Demo2024.csproj", "{9082C196-3C84-48C6-AAF6-7DD9EF4A4F98}"
EndProject
Project("{FAE04EC0-301F-11D3-BF4B-00C04F79EFBC}") = "Demo2135", "Demo2135\Demo2135.csproj", "{AE5BD9F7-A056-4156-9723-A7ACF83E22A0}"
EndProject
Project("{FAE04EC0-301F-11D3-BF4B-00C04F79EFBC}") = "Demo447", "Demo447\Demo447.csproj", "{24F10DFC-F023-488E-ADB6-0797D6DCE3E4}"
EndProject
Project("{FAE04EC0-301F-11D3-BF4B-00C04F79EFBC}") = "Demo2707", "Demo2707\Demo2707.csproj", "{55108D45-6D99-4255-9768-54E815754DAD}"
EndProject
Project("{FAE04EC0-301F-11D3-BF4B-00C04F79EFBC}") = "Demo27", "Demo27\Demo27.csproj", "{8B7BE3D6-DB44-4FD2-97C4-6B1D39632354}"
EndProject
Project("{FAE04EC0-301F-11D3-BF4B-00C04F79EFBC}") = "Demo56", "Demo56\Demo56.csproj", "{2038A756-2E0B-453C-BE94-8E53C9DEAD59}"
EndProject
Project("{FAE04EC0-301F-11D3-BF4B-00C04F79EFBC}") = "Demo2645", "Demo2645\Demo2645.csproj", "{8A0A0B7E-C823-4644-9BDC-5BEFA3390854}"
EndProject
Project("{FAE04EC0-301F-11D3-BF4B-00C04F79EFBC}") = "Demo686", "Demo686\Demo686.csproj", "{0A2706C3-6444-49FE-922B-007EBA88366E}"
EndProject
Project("{FAE04EC0-301F-11D3-BF4B-00C04F79EFBC}") = "Demo2085", "Demo2085\Demo2085.csproj", "{C8A79633-0B43-4C59-90F3-855EC643D166}"
EndProject
Project("{FAE04EC0-301F-11D3-BF4B-00C04F79EFBC}") = "Demo2006", "Demo2006\Demo2006.csproj", "{07188C90-0F7E-43CA-85D8-193FEFAD8AE7}"
EndProject
Project("{FAE04EC0-301F-11D3-BF4B-00C04F79EFBC}") = "Demo2022", "Demo2022\Demo2022.csproj", "{CA4F50EA-1E58-4883-AC51-73D4110FE955}"
EndProject
Project("{FAE04EC0-301F-11D3-BF4B-00C04F79EFBC}") = "Demo2075", "Demo2075\Demo2075.csproj", "{83DF606F-B02A-40AB-AC8A-62A702838B18}"
EndProject
Project("{FAE04EC0-301F-11D3-BF4B-00C04F79EFBC}") = "Demo82", "Demo82\Demo82.csproj", "{2CBA8C9F-F8F5-4C0E-BCE8-D3C9E1CF4636}"
EndProject
Project("{FAE04EC0-301F-11D3-BF4B-00C04F79EFBC}") = "Demo49", "Demo49\Demo49.csproj", "{7FDDB9CB-CA9F-4AA5-882C-718A50B5421B}"
EndProject
Project("{FAE04EC0-301F-11D3-BF4B-00C04F79EFBC}") = "Demo128", "Demo128\Demo128.csproj", "{25255BA3-126F-45DA-9365-CE32F8AA61BE}"
EndProject
Project("{FAE04EC0-301F-11D3-BF4B-00C04F79EFBC}") = "Demo1", "Demo1\Demo1.csproj", "{D5C59F02-31F9-4D7C-BFB4-EF5AE7C97597}"
EndProject
Project("{FAE04EC0-301F-11D3-BF4B-00C04F79EFBC}") = "Demo2719", "Demo2719\Demo2719.csproj", "{33DCFC40-E345-4E5A-9448-9C75DF3AA405}"
EndProject
Project("{FAE04EC0-301F-11D3-BF4B-00C04F79EFBC}") = "Demo283", "Demo283\Demo283.csproj", "{165755AF-9057-4433-AFD2-E3A87451EF55}"
EndProject
Project("{FAE04EC0-301F-11D3-BF4B-00C04F79EFBC}") = "Demo11", "Demo11\Demo11.csproj", "{F7FB689D-2C3C-47AC-9FEA-64055BD59FBF}"
EndProject
Project("{FAE04EC0-301F-11D3-BF4B-00C04F79EFBC}") = "Demo2744", "Demo2744\Demo2744.csproj", "{CD94FDD2-4A6F-42CC-9067-B939F05FB1D8}"
EndProject
Project("{FAE04EC0-301F-11D3-BF4B-00C04F79EFBC}") = "Demo15", "Demo15\Demo15.csproj", "{FD7ACEDD-2C3D-4A99-8214-D10183CA101A}"
EndProject
Project("{FAE04EC0-301F-11D3-BF4B-00C04F79EFBC}") = "Demo2171", "Demo2171\Demo2171.csproj", "{62DD68F6-BBBB-4331-BF3E-D9AA7663332E}"
EndProject
Project("{FAE04EC0-301F-11D3-BF4B-00C04F79EFBC}") = "Demo670", "Demo670\Demo670.csproj", "{738019C6-77DC-431E-8DEF-326A03FEF296}"
EndProject
Project("{FAE04EC0-301F-11D3-BF4B-00C04F79EFBC}") = "Demo2765", "Demo2765\Demo2765.csproj", "{F618D82F-1A6B-41E9-9515-AE6344B21A9B}"
EndProject
Project("{FAE04EC0-301F-11D3-BF4B-00C04F79EFBC}") = "Demo2865", "Demo2865\Demo2865.csproj", "{D1F22915-A2BF-4C5A-89AD-2A4DA7C523E6}"
EndProject
Project("{FAE04EC0-301F-11D3-BF4B-00C04F79EFBC}") = "Demo2859", "Demo2859\Demo2859.csproj", "{85603742-AC32-409C-9141-3AEA7D3C3B68}"
EndProject
Project("{FAE04EC0-301F-11D3-BF4B-00C04F79EFBC}") = "Demo3", "Demo3\Demo3.csproj", "{C1F9117A-BAF1-4F23-870A-F414ED61FE36}"
EndProject
Project("{FAE04EC0-301F-11D3-BF4B-00C04F79EFBC}") = "Demo438", "Demo438\Demo438.csproj", "{A93B482E-FAAB-4742-A44B-43F953016F48}"
EndProject
Project("{FAE04EC0-301F-11D3-BF4B-00C04F79EFBC}") = "Demo560", "Demo560\Demo560.csproj", "{85276376-93BF-4D36-B82A-710F18D8103A}"
EndProject
Project("{FAE04EC0-301F-11D3-BF4B-00C04F79EFBC}") = "Demo2808", "Demo2808\Demo2808.csproj", "{9D12DC57-9A84-4BF3-8D53-25830407E467}"
EndProject
Project("{FAE04EC0-301F-11D3-BF4B-00C04F79EFBC}") = "Demo136", "Demo136\Demo136.csproj", "{05C07F72-06C2-4E8A-833B-5E5731E36194}"
EndProject
Project("{FAE04EC0-301F-11D3-BF4B-00C04F79EFBC}") = "Demo2670", "Demo2670\Demo2670.csproj", "{20FDD1C6-5222-40A1-A587-DC3E24C40B37}"
EndProject
Project("{FAE04EC0-301F-11D3-BF4B-00C04F79EFBC}") = "Demo238", "Demo238\Demo238.csproj", "{7E41FCCD-1408-48EE-B1E4-55CF2ADB2777}"
EndProject
Project("{FAE04EC0-301F-11D3-BF4B-00C04F79EFBC}") = "Demo53", "Demo53\Demo53.csproj", "{282EB382-5E45-4F3F-85BA-FCF501406529}"
EndProject
Project("{FAE04EC0-301F-11D3-BF4B-00C04F79EFBC}") = "Demo1686", "Demo1686\Demo1686.csproj", "{CCEB8F9D-97F2-447D-9C58-F1BFA5683300}"
EndProject
Project("{FAE04EC0-301F-11D3-BF4B-00C04F79EFBC}") = "Demo590", "Demo590\Demo590.csproj", "{6BC16DE7-CAC2-4886-A48A-65893CFA5DFD}"
EndProject
Project("{FAE04EC0-301F-11D3-BF4B-00C04F79EFBC}") = "Node", "Node\Node.csproj", "{F77326FB-C108-409E-B50A-1D0C6986D83F}"
EndProject
Project("{FAE04EC0-301F-11D3-BF4B-00C04F79EFBC}") = "Demo189", "Demo189\Demo189.csproj", "{B83062AE-9165-4048-A1AC-C8314FC1181D}"
EndProject
Project("{FAE04EC0-301F-11D3-BF4B-00C04F79EFBC}") = "Demo73", "Demo73\Demo73.csproj", "{3DA1DDAC-519A-4C25-8319-E3D671502534}"
EndProject
Project("{FAE04EC0-301F-11D3-BF4B-00C04F79EFBC}") = "Demo938", "Demo938\Demo938.csproj", "{9DD6D8D7-9EE9-4198-9ED8-6B370790E511}"
EndProject
Project("{FAE04EC0-301F-11D3-BF4B-00C04F79EFBC}") = "Demo26", "Demo26\Demo26.csproj", "{7F926EFF-5AF4-4BBF-87E7-E4F41C8458F2}"
EndProject
Project("{FAE04EC0-301F-11D3-BF4B-00C04F79EFBC}") = "Demo80", "Demo80\Demo80.csproj", "{1A78449A-1833-46B2-B340-65A2A4B0EFDF}"
EndProject
Project("{FAE04EC0-301F-11D3-BF4B-00C04F79EFBC}") = "Demo169", "Demo169\Demo169.csproj", "{D9AF2123-B45F-46CA-9A0B-A8218960FD90}"
EndProject
Project("{FAE04EC0-301F-11D3-BF4B-00C04F79EFBC}") = "Demo121", "Demo121\Demo121.csproj", "{01591890-6BFB-40CA-8E4C-BA4FA9AC83F8}"
EndProject
Project("{FAE04EC0-301F-11D3-BF4B-00C04F79EFBC}") = "Demo122", "Demo122\Demo122.csproj", "{4F783194-CF7C-4A34-8B2E-0080E8F7CEE3}"
EndProject
Project("{FAE04EC0-301F-11D3-BF4B-00C04F79EFBC}") = "Demo55", "Demo55\Demo55.csproj", "{5CD93BA5-0000-4602-9101-3854F857B113}"
EndProject
Project("{FAE04EC0-301F-11D3-BF4B-00C04F79EFBC}") = "Demo2673", "Demo2673\Demo2673.csproj", "{B0FFCDB4-71EF-4341-BF50-CC928F9A0062}"
EndProject
Project("{FAE04EC0-301F-11D3-BF4B-00C04F79EFBC}") = "Demo45", "Demo45\Demo45.csproj", "{AA0261AB-61A4-488B-B434-4ED20203F38F}"
EndProject
Project("{FAE04EC0-301F-11D3-BF4B-00C04F79EFBC}") = "Demo274", "Demo274\Demo274.csproj", "{233EDE90-CFCD-462A-9ED8-EBD11D4E04DF}"
EndProject
Project("{FAE04EC0-301F-11D3-BF4B-00C04F79EFBC}") = "Demo2369", "Demo2369\Demo2369.csproj", "{B57857AC-5B01-459B-BA8E-B3684CBA3437}"
EndProject
Project("{FAE04EC0-301F-11D3-BF4B-00C04F79EFBC}") = "Demo380", "Demo380\Demo380.csproj", "{3CE8FD05-3F4E-4AC1-B6E8-EA7A371B6AE9}"
EndProject
Project("{FAE04EC0-301F-11D3-BF4B-00C04F79EFBC}") = "Demo134", "Demo134\Demo134.csproj", "{63B87A03-CB42-45FF-A9EC-AEE260A34507}"
EndProject
Project("{FAE04EC0-301F-11D3-BF4B-00C04F79EFBC}") = "Demo232", "Demo232\Demo232.csproj", "{A56B3D14-790F-42A5-B1F6-9192ABCF52FF}"
EndProject
Project("{FAE04EC0-301F-11D3-BF4B-00C04F79EFBC}") = "Demo135", "Demo135\Demo135.csproj", "{F6180DF5-2153-4C3F-8C32-9C8154D0D822}"
EndProject
Project("{FAE04EC0-301F-11D3-BF4B-00C04F79EFBC}") = "Demo1976", "Demo1976\Demo1976.csproj", "{1B8FAB34-3FFF-419E-8111-C5A4118A2EDF}"
EndProject
Project("{FAE04EC0-301F-11D3-BF4B-00C04F79EFBC}") = "Demo2575", "Demo2575\Demo2575.csproj", "{8DCCA5B6-9FDD-40EB-A42A-FEBCF065B870}"
EndProject
Project("{FAE04EC0-301F-11D3-BF4B-00C04F79EFBC}") = "Demo299", "Demo299\Demo299.csproj", "{A7106978-C58E-4933-96F7-B85844D11AA8}"
EndProject
Project("{FAE04EC0-301F-11D3-BF4B-00C04F79EFBC}") = "Demo301", "Demo301\Demo301.csproj", "{95E05214-998C-420B-9D22-14501210601A}"
EndProject
Project("{FAE04EC0-301F-11D3-BF4B-00C04F79EFBC}") = "Demo2129", "Demo2129\Demo2129.csproj", "{A7DF4E71-576B-4397-B244-AE45039CA63C}"
EndProject
Project("{FAE04EC0-301F-11D3-BF4B-00C04F79EFBC}") = "Demo42", "Demo42\Demo42.csproj", "{F5EF7399-7115-436B-9AAC-2C6491F980D5}"
EndProject
Project("{FAE04EC0-301F-11D3-BF4B-00C04F79EFBC}") = "Demo13", "Demo13\Demo13.csproj", "{353EBE6F-9842-4E94-B26E-096C9F40902C}"
EndProject
Project("{FAE04EC0-301F-11D3-BF4B-00C04F79EFBC}") = "Demo12", "Demo12\Demo12.csproj", "{65F3AC73-D055-449A-8248-2476E3AF1A6B}"
EndProject
Project("{FAE04EC0-301F-11D3-BF4B-00C04F79EFBC}") = "Demo58", "Demo58\Demo58.csproj", "{363F16EE-41F1-439D-ABD7-E984DC246C0F}"
EndProject
Project("{FAE04EC0-301F-11D3-BF4B-00C04F79EFBC}") = "Demo14", "Demo14\Demo14.csproj", "{B37C85DD-F876-4F01-81BB-A618AC2764C2}"
EndProject
Project("{FAE04EC0-301F-11D3-BF4B-00C04F79EFBC}") = "Demo151", "Demo151\Demo151.csproj", "{5CA0B12B-5A73-430C-9435-A1AFED473EF0}"
EndProject
Project("{FAE04EC0-301F-11D3-BF4B-00C04F79EFBC}") = "Demo6", "Demo6\Demo6.csproj", "{8F33C528-CFA8-4D8E-91BE-60DCD146F1F2}"
EndProject
Project("{FAE04EC0-301F-11D3-BF4B-00C04F79EFBC}") = "Demo28", "Demo28\Demo28.csproj", "{F5D5D4A6-369D-41BA-BA43-6D398C74CDE7}"
EndProject
Project("{FAE04EC0-301F-11D3-BF4B-00C04F79EFBC}") = "Demo68", "Demo68\Demo68.csproj", "{855680F0-1124-46EB-9380-5E53B6673681}"
EndProject
Project("{FAE04EC0-301F-11D3-BF4B-00C04F79EFBC}") = "Demo2864", "Demo2864\Demo2864.csproj", "{27F39183-578A-4773-A9FC-C978C22CBCF6}"
EndProject
Project("{FAE04EC0-301F-11D3-BF4B-00C04F79EFBC}") = "Demo2789", "Demo2789\Demo2789.csproj", "{BBA51733-9F6B-462E-B90B-8EFAC70ED914}"
EndProject
Project("{FAE04EC0-301F-11D3-BF4B-00C04F79EFBC}") = "Demo2312", "Demo2312\Demo2312.csproj", "{42417FEA-06EA-484B-946C-798B89F9592B}"
EndProject
Project("{FAE04EC0-301F-11D3-BF4B-00C04F79EFBC}") = "Demo303", "Demo303\Demo303.csproj", "{3CC15209-BC89-477D-A3C0-3143E7974C1A}"
EndProject
Project("{FAE04EC0-301F-11D3-BF4B-00C04F79EFBC}") = "Demo1793", "Demo1793\Demo1793.csproj", "{543B95D3-F4BF-469A-9E95-EC560045E13C}"
EndProject
Project("{FAE04EC0-301F-11D3-BF4B-00C04F79EFBC}") = "Demo1969", "Demo1969\Demo1969.csproj", "{0E9A2FF9-B3F3-4549-8E0F-34FD74324FB6}"
EndProject
Project("{FAE04EC0-301F-11D3-BF4B-00C04F79EFBC}") = "Demo2671", "Demo2671\Demo2671.csproj", "{A77FDC17-D85D-4946-BE63-8FBF6BB04C01}"
EndProject
Project("{FAE04EC0-301F-11D3-BF4B-00C04F79EFBC}") = "Demo518", "Demo518\Demo518.csproj", "{B0667FC2-8A74-4909-B120-EE8384E4C17F}"
EndProject
Project("{FAE04EC0-301F-11D3-BF4B-00C04F79EFBC}") = "Demo2580", "Demo2580\Demo2580.csproj", "{900ED7A1-1ADC-49B6-8083-DDF2C26C68E4}"
EndProject
Project("{FAE04EC0-301F-11D3-BF4B-00C04F79EFBC}") = "Demo1997", "Demo1997\Demo1997.csproj", "{FC963B0B-A843-4A7C-9241-2E9EF6C35F7E}"
EndProject
Project("{FAE04EC0-301F-11D3-BF4B-00C04F79EFBC}") = "Demo2908", "Demo2908\Demo2908.csproj", "{4D8C1278-EBC7-44C7-AE36-200D49ACB20D}"
EndProject
Project("{FAE04EC0-301F-11D3-BF4B-00C04F79EFBC}") = "Demo2810", "Demo2810\Demo2810.csproj", "{5412ED83-08D3-4C13-A0A7-92F0FC38436A}"
EndProject
Project("{FAE04EC0-301F-11D3-BF4B-00C04F79EFBC}") = "Demo894", "Demo894\Demo894.csproj", "{9E63D2BB-36DD-44AD-A531-E054B2E398C9}"
EndProject
Project("{FAE04EC0-301F-11D3-BF4B-00C04F79EFBC}") = "Demo1379", "Demo1379\Demo1379.csproj", "{912FA6D1-E6C7-4910-8F5C-293937B3BCE4}"
EndProject
Project("{FAE04EC0-301F-11D3-BF4B-00C04F79EFBC}") = "Week392", "Week392\Week392.csproj", "{850E1FC7-CCF4-4C8A-9E05-D2D5B39B4451}"
EndProject
Project("{FAE04EC0-301F-11D3-BF4B-00C04F79EFBC}") = "Demo2009", "Demo2009\Demo2009.csproj", "{4FA39AB5-9591-4618-827E-A9C6392F4771}"
EndProject
Project("{FAE04EC0-301F-11D3-BF4B-00C04F79EFBC}") = "Demo453", "Demo453\Demo453.csproj", "{1BEB39EF-FCDC-4ED1-BB12-313AE8E1F6BF}"
EndProject
Project("{FAE04EC0-301F-11D3-BF4B-00C04F79EFBC}") = "Demo665", "Demo665\Demo665.csproj", "{103072B3-E375-410B-BA68-ADCD7DC9EB33}"
EndProject
Project("{FAE04EC0-301F-11D3-BF4B-00C04F79EFBC}") = "Demo2529", "Demo2529\Demo2529.csproj", "{C3FF0B29-1BF4-47E2-B148-D6A39D23AFC4}"
EndProject
Project("{FAE04EC0-301F-11D3-BF4B-00C04F79EFBC}") = "Demo396", "Demo396\Demo396.csproj", "{E98AC4BD-1A19-4CD5-A6C0-54F1970C830D}"
EndProject
Project("{FAE04EC0-301F-11D3-BF4B-00C04F79EFBC}") = "Demo645", "Demo645\Demo645.csproj", "{A572451F-58CF-4D9B-8336-EA144050E07F}"
EndProject
Project("{FAE04EC0-301F-11D3-BF4B-00C04F79EFBC}") = "Demo697", "Demo697\Demo697.csproj", "{ECAF7B03-7805-4721-B04F-0BFCAA178198}"
EndProject
Project("{FAE04EC0-301F-11D3-BF4B-00C04F79EFBC}") = "Demo448", "Demo448\Demo448.csproj", "{719EAC34-3473-4D36-88F7-92F89A42EF30}"
EndProject
Project("{FAE04EC0-301F-11D3-BF4B-00C04F79EFBC}") = "Demo1702", "Demo1702\Demo1702.csproj", "{990457DA-C55B-4B34-8BA7-EE24DC1C527D}"
EndProject
Project("{FAE04EC0-301F-11D3-BF4B-00C04F79EFBC}") = "Demo442", "Demo442\Demo442.csproj", "{023A918E-253E-4414-9347-1A6389DB449F}"
EndProject
Project("{FAE04EC0-301F-11D3-BF4B-00C04F79EFBC}") = "Demo41", "Demo41\Demo41.csproj", "{FAF81CDF-3294-41F8-87DF-7E2949CAF03C}"
EndProject
Project("{FAE04EC0-301F-11D3-BF4B-00C04F79EFBC}") = "Demo485", "Demo485\Demo485.csproj", "{726DE735-F519-4041-85C8-291FE7CBBB4A}"
EndProject
Project("{FAE04EC0-301F-11D3-BF4B-00C04F79EFBC}") = "Demo495", "Demo495\Demo495.csproj", "{A8900B4B-9E3D-4511-BA7F-35A7F47252E7}"
EndProject
Project("{FAE04EC0-301F-11D3-BF4B-00C04F79EFBC}") = "Demo414", "Demo414\Demo414.csproj", "{FFE09C13-77C9-48A5-B0BC-EB54E030DECC}"
EndProject
Project("{FAE04EC0-301F-11D3-BF4B-00C04F79EFBC}") = "Demo628", "Demo628\Demo628.csproj", "{5AFA79B1-4DCF-4605-AE49-1F6ABBC0F5EC}"
EndProject
Project("{FAE04EC0-301F-11D3-BF4B-00C04F79EFBC}") = "Demo118", "Demo118\Demo118.csproj", "{1F7F1707-521C-403B-BFB2-CED30EA168C5}"
EndProject
Project("{FAE04EC0-301F-11D3-BF4B-00C04F79EFBC}") = "Demo119", "Demo119\Demo119.csproj", "{3F485648-8F2E-4413-B527-DAF1FB01F36B}"
EndProject
Project("{FAE04EC0-301F-11D3-BF4B-00C04F79EFBC}") = "Demo661", "Demo661\Demo661.csproj", "{99879C24-D79B-424D-84E7-F60D1726E101}"
EndProject
Project("{FAE04EC0-301F-11D3-BF4B-00C04F79EFBC}") = "Demo598", "Demo598\Demo598.csproj", "{73CC3B19-1494-4243-8A7C-24C40F057A9E}"
EndProject
Project("{FAE04EC0-301F-11D3-BF4B-00C04F79EFBC}") = "Demo419", "Demo419\Demo419.csproj", "{51EA0FD7-4B48-46D6-93C5-21412B77C9C3}"
EndProject
Project("{FAE04EC0-301F-11D3-BF4B-00C04F79EFBC}") = "Demo54", "Demo54\Demo54.csproj", "{86647D1F-849B-4FA4-B0A9-B1300C72C6C6}"
EndProject
Project("{FAE04EC0-301F-11D3-BF4B-00C04F79EFBC}") = "Demo59", "Demo59\Demo59.csproj", "{37964E3B-8A83-4E82-AB1E-34B6304C7D38}"
EndProject
Project("{FAE04EC0-301F-11D3-BF4B-00C04F79EFBC}") = "Demo498", "Demo498\Demo498.csproj", "{0452A3AC-D891-4984-A427-37D36B14E88D}"
EndProject
Project("{FAE04EC0-301F-11D3-BF4B-00C04F79EFBC}") = "Demo566", "Demo566\Demo566.csproj", "{A76D22B8-8B35-4CC9-BD30-4DABFFCFF8D4}"
EndProject
Project("{FAE04EC0-301F-11D3-BF4B-00C04F79EFBC}") = "Demo48", "Demo48\Demo48.csproj", "{93D0F488-A89F-4A8C-AC87-03767CF35A1B}"
EndProject
Project("{FAE04EC0-301F-11D3-BF4B-00C04F79EFBC}") = "Demo289", "Demo289\Demo289.csproj", "{6AA5B349-485D-41EF-990D-58C917D11D1C}"
EndProject
Project("{FAE04EC0-301F-11D3-BF4B-00C04F79EFBC}") = "Demo304", "Demo304\Demo304.csproj", "{7FEEC72F-AF1F-4CC2-ABA9-1844B600FC61}"
EndProject
Project("{FAE04EC0-301F-11D3-BF4B-00C04F79EFBC}") = "Demo707", "Demo707\Demo707.csproj", "{7BC9283C-288A-4AB1-BDED-9E31FA5281F2}"
EndProject
Project("{FAE04EC0-301F-11D3-BF4B-00C04F79EFBC}") = "Demo1052", "Demo1052\Demo1052.csproj", "{66C6BB2A-49F4-4B4D-AA69-B1C1026388DB}"
EndProject
Project("{FAE04EC0-301F-11D3-BF4B-00C04F79EFBC}") = "Demo2739", "Demo2739\Demo2739.csproj", "{03126C1C-7240-4920-9F12-2505EEA7B67A}"
EndProject
Project("{FAE04EC0-301F-11D3-BF4B-00C04F79EFBC}") = "Demo125", "Demo125\Demo125.csproj", "{FFE10827-146D-454D-90F9-5E01613CD1E5}"
EndProject
Project("{FAE04EC0-301F-11D3-BF4B-00C04F79EFBC}") = "Demo392", "Demo392\Demo392.csproj", "{5DE9ADF4-6981-49F7-92B4-2A6B5A82C13B}"
EndProject
Project("{FAE04EC0-301F-11D3-BF4B-00C04F79EFBC}") = "Demo167", "Demo167\Demo167.csproj", "{183E8886-7D15-465F-B948-45C7AE60DA89}"
EndProject
Project("{FAE04EC0-301F-11D3-BF4B-00C04F79EFBC}") = "Demo1146", "Demo1146\Demo1146.csproj", "{91CDFDC6-F0C1-4114-9D49-5016EA9EBBBE}"
EndProject
Project("{FAE04EC0-301F-11D3-BF4B-00C04F79EFBC}") = "Demo1017", "Demo1017\Demo1017.csproj", "{DAF064C7-569B-40EC-93AF-7684D2C4F667}"
EndProject
Project("{FAE04EC0-301F-11D3-BF4B-00C04F79EFBC}") = "Demo1329", "Demo1329\Demo1329.csproj", "{970E1E5A-C967-40C4-B896-995D9D4544CA}"
EndProject
Project("{FAE04EC0-301F-11D3-BF4B-00C04F79EFBC}") = "Demo2798", "Demo2798\Demo2798.csproj", "{0CB9227D-2B07-4274-95FE-FBFB168E0B98}"
EndProject
Project("{FAE04EC0-301F-11D3-BF4B-00C04F79EFBC}") = "Demo741", "Demo741\Demo741.csproj", "{288C2855-DAE0-41A9-B295-B0EC926D065A}"
EndProject
Project("{FAE04EC0-301F-11D3-BF4B-00C04F79EFBC}") = "Demo", "Demo\Demo.csproj", "{238A0815-D9B6-4771-8911-8B1854B41159}"
EndProject
Project("{FAE04EC0-301F-11D3-BF4B-00C04F79EFBC}") = "Demo1463", "Demo1463\Demo1463.csproj", "{497D0B6C-DD50-4B6C-B5FD-CC8D9C3F1EA5}"
EndProject
Project("{FAE04EC0-301F-11D3-BF4B-00C04F79EFBC}") = "Demo2079", "Demo2079\Demo2079.csproj", "{FE0F495E-92FE-41FB-BE53-133E9BE96014}"
EndProject
Project("{FAE04EC0-301F-11D3-BF4B-00C04F79EFBC}") = "Demo2960", "Demo2960\Demo2960.csproj", "{77E46824-6F0F-4B18-AC9D-F1BA1A3CA145}"
EndProject
Project("{FAE04EC0-301F-11D3-BF4B-00C04F79EFBC}") = "Demo2391", "Demo2391\Demo2391.csproj", "{0DE8CE33-B2D4-462D-B1DE-B3A395ED7631}"
EndProject
Project("{FAE04EC0-301F-11D3-BF4B-00C04F79EFBC}") = "Demo994", "Demo994\Demo994.csproj", "{E9390779-1D3F-4E07-ADF9-E01B11EF8A06}"
EndProject
Project("{FAE04EC0-301F-11D3-BF4B-00C04F79EFBC}") = "Demo2244", "Demo2244\Demo2244.csproj", "{7D647C1B-628D-477B-8D31-5CDE2F32E62C}"
EndProject
Project("{FAE04EC0-301F-11D3-BF4B-00C04F79EFBC}") = "Demo2589", "Demo2589\Demo2589.csproj", "{63B4DE92-926B-425E-AB1A-85B894528CCD}"
EndProject
Project("{FAE04EC0-301F-11D3-BF4B-00C04F79EFBC}") = "Demo1963", "Demo1963\Demo1963.csproj", "{9FFA53FB-69AC-4638-888B-C655BE73BFF9}"
EndProject
Project("{FAE04EC0-301F-11D3-BF4B-00C04F79EFBC}") = "Demo1542", "Demo1542\Demo1542.csproj", "{12F6D2DF-ED0B-496A-BDBA-DBA9931759D2}"
EndProject
Project("{FAE04EC0-301F-11D3-BF4B-00C04F79EFBC}") = "Demo203", "Demo203\Demo203.csproj", "{EDDF92FD-39A8-4354-A8C8-7FC69FFD40B0}"
EndProject
Project("{FAE04EC0-301F-11D3-BF4B-00C04F79EFBC}") = "ListNode", "ListNode\ListNode.csproj", "{EA7B861A-8267-4768-9FED-B69AB03F3403}"
EndProject
Project("{FAE04EC0-301F-11D3-BF4B-00C04F79EFBC}") = "Demo2769", "Demo2769\Demo2769.csproj", "{5E7AED33-28AE-486F-943E-104D56FEA91F}"
EndProject
Project("{FAE04EC0-301F-11D3-BF4B-00C04F79EFBC}") = "Demo209", "Demo209\Demo209.csproj", "{666013DC-8122-4C99-9C44-FAEA0E0887C2}"
EndProject
Project("{FAE04EC0-301F-11D3-BF4B-00C04F79EFBC}") = "Demo30", "Demo30\Demo30.csproj", "{C3C28546-ABCE-48F3-8E9D-97A3FDC710A9}"
EndProject
Project("{FAE04EC0-301F-11D3-BF4B-00C04F79EFBC}") = "Demo39", "Demo39\Demo39.csproj", "{BDCAE41F-4BC6-4F9E-B379-25B45F3E772D}"
EndProject
Project("{FAE04EC0-301F-11D3-BF4B-00C04F79EFBC}") = "Demo2831", "Demo2831\Demo2831.csproj", "{2D68C67F-B26A-4BA3-BB16-B4975E5818A9}"
EndProject
Project("{FAE04EC0-301F-11D3-BF4B-00C04F79EFBC}") = "Demo1673", "Demo1673\Demo1673.csproj", "{BF6536DF-44F4-482A-A459-AEAF503C15E2}"
EndProject
Project("{FAE04EC0-301F-11D3-BF4B-00C04F79EFBC}") = "Demo2018", "Demo2018\Demo2018.csproj", "{0B9A1792-FD05-4743-AFA6-D5C910BD531A}"
EndProject
Project("{FAE04EC0-301F-11D3-BF4B-00C04F79EFBC}") = "Demo2951", "Demo2951\Demo2951.csproj", "{90D97FA5-CF16-4D95-B394-43A4DA00DE40}"
EndProject
Project("{FAE04EC0-301F-11D3-BF4B-00C04F79EFBC}") = "Demo3040", "Demo3040\Demo3040.csproj", "{E3D0B342-36F4-4D93-BDE1-D520EB5B722F}"
EndProject
Global
	GlobalSection(SolutionConfigurationPlatforms) = preSolution
		Debug|Any CPU = Debug|Any CPU
		Release|Any CPU = Release|Any CPU
	EndGlobalSection
	GlobalSection(ProjectConfigurationPlatforms) = postSolution
		{6D1349E4-E0F7-4A6D-9FB0-A2771842E891}.Debug|Any CPU.ActiveCfg = Debug|Any CPU
		{6D1349E4-E0F7-4A6D-9FB0-A2771842E891}.Debug|Any CPU.Build.0 = Debug|Any CPU
		{6D1349E4-E0F7-4A6D-9FB0-A2771842E891}.Release|Any CPU.ActiveCfg = Release|Any CPU
		{6D1349E4-E0F7-4A6D-9FB0-A2771842E891}.Release|Any CPU.Build.0 = Release|Any CPU
		{0EF197D8-E62C-4465-8EC7-645B7BE341EB}.Debug|Any CPU.ActiveCfg = Debug|Any CPU
		{0EF197D8-E62C-4465-8EC7-645B7BE341EB}.Debug|Any CPU.Build.0 = Debug|Any CPU
		{0EF197D8-E62C-4465-8EC7-645B7BE341EB}.Release|Any CPU.ActiveCfg = Release|Any CPU
		{0EF197D8-E62C-4465-8EC7-645B7BE341EB}.Release|Any CPU.Build.0 = Release|Any CPU
		{E1501D04-DF14-4132-900E-D142EDD64F43}.Debug|Any CPU.ActiveCfg = Debug|Any CPU
		{E1501D04-DF14-4132-900E-D142EDD64F43}.Debug|Any CPU.Build.0 = Debug|Any CPU
		{E1501D04-DF14-4132-900E-D142EDD64F43}.Release|Any CPU.ActiveCfg = Release|Any CPU
		{E1501D04-DF14-4132-900E-D142EDD64F43}.Release|Any CPU.Build.0 = Release|Any CPU
		{558643E1-974D-47C5-8EFE-9135BABB1686}.Debug|Any CPU.ActiveCfg = Debug|Any CPU
		{558643E1-974D-47C5-8EFE-9135BABB1686}.Debug|Any CPU.Build.0 = Debug|Any CPU
		{558643E1-974D-47C5-8EFE-9135BABB1686}.Release|Any CPU.ActiveCfg = Release|Any CPU
		{558643E1-974D-47C5-8EFE-9135BABB1686}.Release|Any CPU.Build.0 = Release|Any CPU
		{14B3D448-031E-47A0-892A-6B835B310312}.Debug|Any CPU.ActiveCfg = Debug|Any CPU
		{14B3D448-031E-47A0-892A-6B835B310312}.Debug|Any CPU.Build.0 = Debug|Any CPU
		{14B3D448-031E-47A0-892A-6B835B310312}.Release|Any CPU.ActiveCfg = Release|Any CPU
		{14B3D448-031E-47A0-892A-6B835B310312}.Release|Any CPU.Build.0 = Release|Any CPU
		{9D4ADBA0-50A0-4897-98A4-06C66CABBC64}.Debug|Any CPU.ActiveCfg = Debug|Any CPU
		{9D4ADBA0-50A0-4897-98A4-06C66CABBC64}.Debug|Any CPU.Build.0 = Debug|Any CPU
		{9D4ADBA0-50A0-4897-98A4-06C66CABBC64}.Release|Any CPU.ActiveCfg = Release|Any CPU
		{9D4ADBA0-50A0-4897-98A4-06C66CABBC64}.Release|Any CPU.Build.0 = Release|Any CPU
		{3F6C3498-D1C9-4994-8AA6-F46FBE282471}.Debug|Any CPU.ActiveCfg = Debug|Any CPU
		{3F6C3498-D1C9-4994-8AA6-F46FBE282471}.Debug|Any CPU.Build.0 = Debug|Any CPU
		{3F6C3498-D1C9-4994-8AA6-F46FBE282471}.Release|Any CPU.ActiveCfg = Release|Any CPU
		{3F6C3498-D1C9-4994-8AA6-F46FBE282471}.Release|Any CPU.Build.0 = Release|Any CPU
		{033536AD-78F1-489B-B438-7D6526C71A5E}.Debug|Any CPU.ActiveCfg = Debug|Any CPU
		{033536AD-78F1-489B-B438-7D6526C71A5E}.Debug|Any CPU.Build.0 = Debug|Any CPU
		{033536AD-78F1-489B-B438-7D6526C71A5E}.Release|Any CPU.ActiveCfg = Release|Any CPU
		{033536AD-78F1-489B-B438-7D6526C71A5E}.Release|Any CPU.Build.0 = Release|Any CPU
		{4AEC31A2-5D88-4440-8F69-71ECEBC1D0D1}.Debug|Any CPU.ActiveCfg = Debug|Any CPU
		{4AEC31A2-5D88-4440-8F69-71ECEBC1D0D1}.Debug|Any CPU.Build.0 = Debug|Any CPU
		{4AEC31A2-5D88-4440-8F69-71ECEBC1D0D1}.Release|Any CPU.ActiveCfg = Release|Any CPU
		{4AEC31A2-5D88-4440-8F69-71ECEBC1D0D1}.Release|Any CPU.Build.0 = Release|Any CPU
		{1BBCF514-B74E-42BC-A497-6FC39331908B}.Debug|Any CPU.ActiveCfg = Debug|Any CPU
		{1BBCF514-B74E-42BC-A497-6FC39331908B}.Debug|Any CPU.Build.0 = Debug|Any CPU
		{1BBCF514-B74E-42BC-A497-6FC39331908B}.Release|Any CPU.ActiveCfg = Release|Any CPU
		{1BBCF514-B74E-42BC-A497-6FC39331908B}.Release|Any CPU.Build.0 = Release|Any CPU
		{9082C196-3C84-48C6-AAF6-7DD9EF4A4F98}.Debug|Any CPU.ActiveCfg = Debug|Any CPU
		{9082C196-3C84-48C6-AAF6-7DD9EF4A4F98}.Debug|Any CPU.Build.0 = Debug|Any CPU
		{9082C196-3C84-48C6-AAF6-7DD9EF4A4F98}.Release|Any CPU.ActiveCfg = Release|Any CPU
		{9082C196-3C84-48C6-AAF6-7DD9EF4A4F98}.Release|Any CPU.Build.0 = Release|Any CPU
		{AE5BD9F7-A056-4156-9723-A7ACF83E22A0}.Debug|Any CPU.ActiveCfg = Debug|Any CPU
		{AE5BD9F7-A056-4156-9723-A7ACF83E22A0}.Debug|Any CPU.Build.0 = Debug|Any CPU
		{AE5BD9F7-A056-4156-9723-A7ACF83E22A0}.Release|Any CPU.ActiveCfg = Release|Any CPU
		{AE5BD9F7-A056-4156-9723-A7ACF83E22A0}.Release|Any CPU.Build.0 = Release|Any CPU
		{24F10DFC-F023-488E-ADB6-0797D6DCE3E4}.Debug|Any CPU.ActiveCfg = Debug|Any CPU
		{24F10DFC-F023-488E-ADB6-0797D6DCE3E4}.Debug|Any CPU.Build.0 = Debug|Any CPU
		{24F10DFC-F023-488E-ADB6-0797D6DCE3E4}.Release|Any CPU.ActiveCfg = Release|Any CPU
		{24F10DFC-F023-488E-ADB6-0797D6DCE3E4}.Release|Any CPU.Build.0 = Release|Any CPU
		{55108D45-6D99-4255-9768-54E815754DAD}.Debug|Any CPU.ActiveCfg = Debug|Any CPU
		{55108D45-6D99-4255-9768-54E815754DAD}.Debug|Any CPU.Build.0 = Debug|Any CPU
		{55108D45-6D99-4255-9768-54E815754DAD}.Release|Any CPU.ActiveCfg = Release|Any CPU
		{55108D45-6D99-4255-9768-54E815754DAD}.Release|Any CPU.Build.0 = Release|Any CPU
		{8B7BE3D6-DB44-4FD2-97C4-6B1D39632354}.Debug|Any CPU.ActiveCfg = Debug|Any CPU
		{8B7BE3D6-DB44-4FD2-97C4-6B1D39632354}.Debug|Any CPU.Build.0 = Debug|Any CPU
		{8B7BE3D6-DB44-4FD2-97C4-6B1D39632354}.Release|Any CPU.ActiveCfg = Release|Any CPU
		{8B7BE3D6-DB44-4FD2-97C4-6B1D39632354}.Release|Any CPU.Build.0 = Release|Any CPU
		{2038A756-2E0B-453C-BE94-8E53C9DEAD59}.Debug|Any CPU.ActiveCfg = Debug|Any CPU
		{2038A756-2E0B-453C-BE94-8E53C9DEAD59}.Debug|Any CPU.Build.0 = Debug|Any CPU
		{2038A756-2E0B-453C-BE94-8E53C9DEAD59}.Release|Any CPU.ActiveCfg = Release|Any CPU
		{2038A756-2E0B-453C-BE94-8E53C9DEAD59}.Release|Any CPU.Build.0 = Release|Any CPU
		{8A0A0B7E-C823-4644-9BDC-5BEFA3390854}.Debug|Any CPU.ActiveCfg = Debug|Any CPU
		{8A0A0B7E-C823-4644-9BDC-5BEFA3390854}.Debug|Any CPU.Build.0 = Debug|Any CPU
		{8A0A0B7E-C823-4644-9BDC-5BEFA3390854}.Release|Any CPU.ActiveCfg = Release|Any CPU
		{8A0A0B7E-C823-4644-9BDC-5BEFA3390854}.Release|Any CPU.Build.0 = Release|Any CPU
		{0A2706C3-6444-49FE-922B-007EBA88366E}.Debug|Any CPU.ActiveCfg = Debug|Any CPU
		{0A2706C3-6444-49FE-922B-007EBA88366E}.Debug|Any CPU.Build.0 = Debug|Any CPU
		{0A2706C3-6444-49FE-922B-007EBA88366E}.Release|Any CPU.ActiveCfg = Release|Any CPU
		{0A2706C3-6444-49FE-922B-007EBA88366E}.Release|Any CPU.Build.0 = Release|Any CPU
		{C8A79633-0B43-4C59-90F3-855EC643D166}.Debug|Any CPU.ActiveCfg = Debug|Any CPU
		{C8A79633-0B43-4C59-90F3-855EC643D166}.Debug|Any CPU.Build.0 = Debug|Any CPU
		{C8A79633-0B43-4C59-90F3-855EC643D166}.Release|Any CPU.ActiveCfg = Release|Any CPU
		{C8A79633-0B43-4C59-90F3-855EC643D166}.Release|Any CPU.Build.0 = Release|Any CPU
		{07188C90-0F7E-43CA-85D8-193FEFAD8AE7}.Debug|Any CPU.ActiveCfg = Debug|Any CPU
		{07188C90-0F7E-43CA-85D8-193FEFAD8AE7}.Debug|Any CPU.Build.0 = Debug|Any CPU
		{07188C90-0F7E-43CA-85D8-193FEFAD8AE7}.Release|Any CPU.ActiveCfg = Release|Any CPU
		{07188C90-0F7E-43CA-85D8-193FEFAD8AE7}.Release|Any CPU.Build.0 = Release|Any CPU
		{CA4F50EA-1E58-4883-AC51-73D4110FE955}.Debug|Any CPU.ActiveCfg = Debug|Any CPU
		{CA4F50EA-1E58-4883-AC51-73D4110FE955}.Debug|Any CPU.Build.0 = Debug|Any CPU
		{CA4F50EA-1E58-4883-AC51-73D4110FE955}.Release|Any CPU.ActiveCfg = Release|Any CPU
		{CA4F50EA-1E58-4883-AC51-73D4110FE955}.Release|Any CPU.Build.0 = Release|Any CPU
		{83DF606F-B02A-40AB-AC8A-62A702838B18}.Debug|Any CPU.ActiveCfg = Debug|Any CPU
		{83DF606F-B02A-40AB-AC8A-62A702838B18}.Debug|Any CPU.Build.0 = Debug|Any CPU
		{83DF606F-B02A-40AB-AC8A-62A702838B18}.Release|Any CPU.ActiveCfg = Release|Any CPU
		{83DF606F-B02A-40AB-AC8A-62A702838B18}.Release|Any CPU.Build.0 = Release|Any CPU
		{2CBA8C9F-F8F5-4C0E-BCE8-D3C9E1CF4636}.Debug|Any CPU.ActiveCfg = Debug|Any CPU
		{2CBA8C9F-F8F5-4C0E-BCE8-D3C9E1CF4636}.Debug|Any CPU.Build.0 = Debug|Any CPU
		{2CBA8C9F-F8F5-4C0E-BCE8-D3C9E1CF4636}.Release|Any CPU.ActiveCfg = Release|Any CPU
		{2CBA8C9F-F8F5-4C0E-BCE8-D3C9E1CF4636}.Release|Any CPU.Build.0 = Release|Any CPU
		{7FDDB9CB-CA9F-4AA5-882C-718A50B5421B}.Debug|Any CPU.ActiveCfg = Debug|Any CPU
		{7FDDB9CB-CA9F-4AA5-882C-718A50B5421B}.Debug|Any CPU.Build.0 = Debug|Any CPU
		{7FDDB9CB-CA9F-4AA5-882C-718A50B5421B}.Release|Any CPU.ActiveCfg = Release|Any CPU
		{7FDDB9CB-CA9F-4AA5-882C-718A50B5421B}.Release|Any CPU.Build.0 = Release|Any CPU
		{25255BA3-126F-45DA-9365-CE32F8AA61BE}.Debug|Any CPU.ActiveCfg = Debug|Any CPU
		{25255BA3-126F-45DA-9365-CE32F8AA61BE}.Debug|Any CPU.Build.0 = Debug|Any CPU
		{25255BA3-126F-45DA-9365-CE32F8AA61BE}.Release|Any CPU.ActiveCfg = Release|Any CPU
		{25255BA3-126F-45DA-9365-CE32F8AA61BE}.Release|Any CPU.Build.0 = Release|Any CPU
		{D5C59F02-31F9-4D7C-BFB4-EF5AE7C97597}.Debug|Any CPU.ActiveCfg = Debug|Any CPU
		{D5C59F02-31F9-4D7C-BFB4-EF5AE7C97597}.Debug|Any CPU.Build.0 = Debug|Any CPU
		{D5C59F02-31F9-4D7C-BFB4-EF5AE7C97597}.Release|Any CPU.ActiveCfg = Release|Any CPU
		{D5C59F02-31F9-4D7C-BFB4-EF5AE7C97597}.Release|Any CPU.Build.0 = Release|Any CPU
		{33DCFC40-E345-4E5A-9448-9C75DF3AA405}.Debug|Any CPU.ActiveCfg = Debug|Any CPU
		{33DCFC40-E345-4E5A-9448-9C75DF3AA405}.Debug|Any CPU.Build.0 = Debug|Any CPU
		{33DCFC40-E345-4E5A-9448-9C75DF3AA405}.Release|Any CPU.ActiveCfg = Release|Any CPU
		{33DCFC40-E345-4E5A-9448-9C75DF3AA405}.Release|Any CPU.Build.0 = Release|Any CPU
		{165755AF-9057-4433-AFD2-E3A87451EF55}.Debug|Any CPU.ActiveCfg = Debug|Any CPU
		{165755AF-9057-4433-AFD2-E3A87451EF55}.Debug|Any CPU.Build.0 = Debug|Any CPU
		{165755AF-9057-4433-AFD2-E3A87451EF55}.Release|Any CPU.ActiveCfg = Release|Any CPU
		{165755AF-9057-4433-AFD2-E3A87451EF55}.Release|Any CPU.Build.0 = Release|Any CPU
		{F7FB689D-2C3C-47AC-9FEA-64055BD59FBF}.Debug|Any CPU.ActiveCfg = Debug|Any CPU
		{F7FB689D-2C3C-47AC-9FEA-64055BD59FBF}.Debug|Any CPU.Build.0 = Debug|Any CPU
		{F7FB689D-2C3C-47AC-9FEA-64055BD59FBF}.Release|Any CPU.ActiveCfg = Release|Any CPU
		{F7FB689D-2C3C-47AC-9FEA-64055BD59FBF}.Release|Any CPU.Build.0 = Release|Any CPU
		{CD94FDD2-4A6F-42CC-9067-B939F05FB1D8}.Debug|Any CPU.ActiveCfg = Debug|Any CPU
		{CD94FDD2-4A6F-42CC-9067-B939F05FB1D8}.Debug|Any CPU.Build.0 = Debug|Any CPU
		{CD94FDD2-4A6F-42CC-9067-B939F05FB1D8}.Release|Any CPU.ActiveCfg = Release|Any CPU
		{CD94FDD2-4A6F-42CC-9067-B939F05FB1D8}.Release|Any CPU.Build.0 = Release|Any CPU
		{FD7ACEDD-2C3D-4A99-8214-D10183CA101A}.Debug|Any CPU.ActiveCfg = Debug|Any CPU
		{FD7ACEDD-2C3D-4A99-8214-D10183CA101A}.Debug|Any CPU.Build.0 = Debug|Any CPU
		{FD7ACEDD-2C3D-4A99-8214-D10183CA101A}.Release|Any CPU.ActiveCfg = Release|Any CPU
		{FD7ACEDD-2C3D-4A99-8214-D10183CA101A}.Release|Any CPU.Build.0 = Release|Any CPU
		{62DD68F6-BBBB-4331-BF3E-D9AA7663332E}.Debug|Any CPU.ActiveCfg = Debug|Any CPU
		{62DD68F6-BBBB-4331-BF3E-D9AA7663332E}.Debug|Any CPU.Build.0 = Debug|Any CPU
		{62DD68F6-BBBB-4331-BF3E-D9AA7663332E}.Release|Any CPU.ActiveCfg = Release|Any CPU
		{62DD68F6-BBBB-4331-BF3E-D9AA7663332E}.Release|Any CPU.Build.0 = Release|Any CPU
		{738019C6-77DC-431E-8DEF-326A03FEF296}.Debug|Any CPU.ActiveCfg = Debug|Any CPU
		{738019C6-77DC-431E-8DEF-326A03FEF296}.Debug|Any CPU.Build.0 = Debug|Any CPU
		{738019C6-77DC-431E-8DEF-326A03FEF296}.Release|Any CPU.ActiveCfg = Release|Any CPU
		{738019C6-77DC-431E-8DEF-326A03FEF296}.Release|Any CPU.Build.0 = Release|Any CPU
		{F618D82F-1A6B-41E9-9515-AE6344B21A9B}.Debug|Any CPU.ActiveCfg = Debug|Any CPU
		{F618D82F-1A6B-41E9-9515-AE6344B21A9B}.Debug|Any CPU.Build.0 = Debug|Any CPU
		{F618D82F-1A6B-41E9-9515-AE6344B21A9B}.Release|Any CPU.ActiveCfg = Release|Any CPU
		{F618D82F-1A6B-41E9-9515-AE6344B21A9B}.Release|Any CPU.Build.0 = Release|Any CPU
		{D1F22915-A2BF-4C5A-89AD-2A4DA7C523E6}.Debug|Any CPU.ActiveCfg = Debug|Any CPU
		{D1F22915-A2BF-4C5A-89AD-2A4DA7C523E6}.Debug|Any CPU.Build.0 = Debug|Any CPU
		{D1F22915-A2BF-4C5A-89AD-2A4DA7C523E6}.Release|Any CPU.ActiveCfg = Release|Any CPU
		{D1F22915-A2BF-4C5A-89AD-2A4DA7C523E6}.Release|Any CPU.Build.0 = Release|Any CPU
		{85603742-AC32-409C-9141-3AEA7D3C3B68}.Debug|Any CPU.ActiveCfg = Debug|Any CPU
		{85603742-AC32-409C-9141-3AEA7D3C3B68}.Debug|Any CPU.Build.0 = Debug|Any CPU
		{85603742-AC32-409C-9141-3AEA7D3C3B68}.Release|Any CPU.ActiveCfg = Release|Any CPU
		{85603742-AC32-409C-9141-3AEA7D3C3B68}.Release|Any CPU.Build.0 = Release|Any CPU
		{C1F9117A-BAF1-4F23-870A-F414ED61FE36}.Debug|Any CPU.ActiveCfg = Debug|Any CPU
		{C1F9117A-BAF1-4F23-870A-F414ED61FE36}.Debug|Any CPU.Build.0 = Debug|Any CPU
		{C1F9117A-BAF1-4F23-870A-F414ED61FE36}.Release|Any CPU.ActiveCfg = Release|Any CPU
		{C1F9117A-BAF1-4F23-870A-F414ED61FE36}.Release|Any CPU.Build.0 = Release|Any CPU
		{A93B482E-FAAB-4742-A44B-43F953016F48}.Debug|Any CPU.ActiveCfg = Debug|Any CPU
		{A93B482E-FAAB-4742-A44B-43F953016F48}.Debug|Any CPU.Build.0 = Debug|Any CPU
		{A93B482E-FAAB-4742-A44B-43F953016F48}.Release|Any CPU.ActiveCfg = Release|Any CPU
		{A93B482E-FAAB-4742-A44B-43F953016F48}.Release|Any CPU.Build.0 = Release|Any CPU
		{85276376-93BF-4D36-B82A-710F18D8103A}.Debug|Any CPU.ActiveCfg = Debug|Any CPU
		{85276376-93BF-4D36-B82A-710F18D8103A}.Debug|Any CPU.Build.0 = Debug|Any CPU
		{85276376-93BF-4D36-B82A-710F18D8103A}.Release|Any CPU.ActiveCfg = Release|Any CPU
		{85276376-93BF-4D36-B82A-710F18D8103A}.Release|Any CPU.Build.0 = Release|Any CPU
		{9D12DC57-9A84-4BF3-8D53-25830407E467}.Debug|Any CPU.ActiveCfg = Debug|Any CPU
		{9D12DC57-9A84-4BF3-8D53-25830407E467}.Debug|Any CPU.Build.0 = Debug|Any CPU
		{9D12DC57-9A84-4BF3-8D53-25830407E467}.Release|Any CPU.ActiveCfg = Release|Any CPU
		{9D12DC57-9A84-4BF3-8D53-25830407E467}.Release|Any CPU.Build.0 = Release|Any CPU
		{05C07F72-06C2-4E8A-833B-5E5731E36194}.Debug|Any CPU.ActiveCfg = Debug|Any CPU
		{05C07F72-06C2-4E8A-833B-5E5731E36194}.Debug|Any CPU.Build.0 = Debug|Any CPU
		{05C07F72-06C2-4E8A-833B-5E5731E36194}.Release|Any CPU.ActiveCfg = Release|Any CPU
		{05C07F72-06C2-4E8A-833B-5E5731E36194}.Release|Any CPU.Build.0 = Release|Any CPU
		{20FDD1C6-5222-40A1-A587-DC3E24C40B37}.Debug|Any CPU.ActiveCfg = Debug|Any CPU
		{20FDD1C6-5222-40A1-A587-DC3E24C40B37}.Debug|Any CPU.Build.0 = Debug|Any CPU
		{20FDD1C6-5222-40A1-A587-DC3E24C40B37}.Release|Any CPU.ActiveCfg = Release|Any CPU
		{20FDD1C6-5222-40A1-A587-DC3E24C40B37}.Release|Any CPU.Build.0 = Release|Any CPU
		{7E41FCCD-1408-48EE-B1E4-55CF2ADB2777}.Debug|Any CPU.ActiveCfg = Debug|Any CPU
		{7E41FCCD-1408-48EE-B1E4-55CF2ADB2777}.Debug|Any CPU.Build.0 = Debug|Any CPU
		{7E41FCCD-1408-48EE-B1E4-55CF2ADB2777}.Release|Any CPU.ActiveCfg = Release|Any CPU
		{7E41FCCD-1408-48EE-B1E4-55CF2ADB2777}.Release|Any CPU.Build.0 = Release|Any CPU
		{282EB382-5E45-4F3F-85BA-FCF501406529}.Debug|Any CPU.ActiveCfg = Debug|Any CPU
		{282EB382-5E45-4F3F-85BA-FCF501406529}.Debug|Any CPU.Build.0 = Debug|Any CPU
		{282EB382-5E45-4F3F-85BA-FCF501406529}.Release|Any CPU.ActiveCfg = Release|Any CPU
		{282EB382-5E45-4F3F-85BA-FCF501406529}.Release|Any CPU.Build.0 = Release|Any CPU
		{CCEB8F9D-97F2-447D-9C58-F1BFA5683300}.Debug|Any CPU.ActiveCfg = Debug|Any CPU
		{CCEB8F9D-97F2-447D-9C58-F1BFA5683300}.Debug|Any CPU.Build.0 = Debug|Any CPU
		{CCEB8F9D-97F2-447D-9C58-F1BFA5683300}.Release|Any CPU.ActiveCfg = Release|Any CPU
		{CCEB8F9D-97F2-447D-9C58-F1BFA5683300}.Release|Any CPU.Build.0 = Release|Any CPU
		{6BC16DE7-CAC2-4886-A48A-65893CFA5DFD}.Debug|Any CPU.ActiveCfg = Debug|Any CPU
		{6BC16DE7-CAC2-4886-A48A-65893CFA5DFD}.Debug|Any CPU.Build.0 = Debug|Any CPU
		{6BC16DE7-CAC2-4886-A48A-65893CFA5DFD}.Release|Any CPU.ActiveCfg = Release|Any CPU
		{6BC16DE7-CAC2-4886-A48A-65893CFA5DFD}.Release|Any CPU.Build.0 = Release|Any CPU
		{F77326FB-C108-409E-B50A-1D0C6986D83F}.Debug|Any CPU.ActiveCfg = Debug|Any CPU
		{F77326FB-C108-409E-B50A-1D0C6986D83F}.Debug|Any CPU.Build.0 = Debug|Any CPU
		{F77326FB-C108-409E-B50A-1D0C6986D83F}.Release|Any CPU.ActiveCfg = Release|Any CPU
		{F77326FB-C108-409E-B50A-1D0C6986D83F}.Release|Any CPU.Build.0 = Release|Any CPU
		{B83062AE-9165-4048-A1AC-C8314FC1181D}.Debug|Any CPU.ActiveCfg = Debug|Any CPU
		{B83062AE-9165-4048-A1AC-C8314FC1181D}.Debug|Any CPU.Build.0 = Debug|Any CPU
		{B83062AE-9165-4048-A1AC-C8314FC1181D}.Release|Any CPU.ActiveCfg = Release|Any CPU
		{B83062AE-9165-4048-A1AC-C8314FC1181D}.Release|Any CPU.Build.0 = Release|Any CPU
		{3DA1DDAC-519A-4C25-8319-E3D671502534}.Debug|Any CPU.ActiveCfg = Debug|Any CPU
		{3DA1DDAC-519A-4C25-8319-E3D671502534}.Debug|Any CPU.Build.0 = Debug|Any CPU
		{3DA1DDAC-519A-4C25-8319-E3D671502534}.Release|Any CPU.ActiveCfg = Release|Any CPU
		{3DA1DDAC-519A-4C25-8319-E3D671502534}.Release|Any CPU.Build.0 = Release|Any CPU
		{9DD6D8D7-9EE9-4198-9ED8-6B370790E511}.Debug|Any CPU.ActiveCfg = Debug|Any CPU
		{9DD6D8D7-9EE9-4198-9ED8-6B370790E511}.Debug|Any CPU.Build.0 = Debug|Any CPU
		{9DD6D8D7-9EE9-4198-9ED8-6B370790E511}.Release|Any CPU.ActiveCfg = Release|Any CPU
		{9DD6D8D7-9EE9-4198-9ED8-6B370790E511}.Release|Any CPU.Build.0 = Release|Any CPU
		{7F926EFF-5AF4-4BBF-87E7-E4F41C8458F2}.Debug|Any CPU.ActiveCfg = Debug|Any CPU
		{7F926EFF-5AF4-4BBF-87E7-E4F41C8458F2}.Debug|Any CPU.Build.0 = Debug|Any CPU
		{7F926EFF-5AF4-4BBF-87E7-E4F41C8458F2}.Release|Any CPU.ActiveCfg = Release|Any CPU
		{7F926EFF-5AF4-4BBF-87E7-E4F41C8458F2}.Release|Any CPU.Build.0 = Release|Any CPU
		{1A78449A-1833-46B2-B340-65A2A4B0EFDF}.Debug|Any CPU.ActiveCfg = Debug|Any CPU
		{1A78449A-1833-46B2-B340-65A2A4B0EFDF}.Debug|Any CPU.Build.0 = Debug|Any CPU
		{1A78449A-1833-46B2-B340-65A2A4B0EFDF}.Release|Any CPU.ActiveCfg = Release|Any CPU
		{1A78449A-1833-46B2-B340-65A2A4B0EFDF}.Release|Any CPU.Build.0 = Release|Any CPU
		{D9AF2123-B45F-46CA-9A0B-A8218960FD90}.Debug|Any CPU.ActiveCfg = Debug|Any CPU
		{D9AF2123-B45F-46CA-9A0B-A8218960FD90}.Debug|Any CPU.Build.0 = Debug|Any CPU
		{D9AF2123-B45F-46CA-9A0B-A8218960FD90}.Release|Any CPU.ActiveCfg = Release|Any CPU
		{D9AF2123-B45F-46CA-9A0B-A8218960FD90}.Release|Any CPU.Build.0 = Release|Any CPU
		{01591890-6BFB-40CA-8E4C-BA4FA9AC83F8}.Debug|Any CPU.ActiveCfg = Debug|Any CPU
		{01591890-6BFB-40CA-8E4C-BA4FA9AC83F8}.Debug|Any CPU.Build.0 = Debug|Any CPU
		{01591890-6BFB-40CA-8E4C-BA4FA9AC83F8}.Release|Any CPU.ActiveCfg = Release|Any CPU
		{01591890-6BFB-40CA-8E4C-BA4FA9AC83F8}.Release|Any CPU.Build.0 = Release|Any CPU
		{4F783194-CF7C-4A34-8B2E-0080E8F7CEE3}.Debug|Any CPU.ActiveCfg = Debug|Any CPU
		{4F783194-CF7C-4A34-8B2E-0080E8F7CEE3}.Debug|Any CPU.Build.0 = Debug|Any CPU
		{4F783194-CF7C-4A34-8B2E-0080E8F7CEE3}.Release|Any CPU.ActiveCfg = Release|Any CPU
		{4F783194-CF7C-4A34-8B2E-0080E8F7CEE3}.Release|Any CPU.Build.0 = Release|Any CPU
		{5CD93BA5-0000-4602-9101-3854F857B113}.Debug|Any CPU.ActiveCfg = Debug|Any CPU
		{5CD93BA5-0000-4602-9101-3854F857B113}.Debug|Any CPU.Build.0 = Debug|Any CPU
		{5CD93BA5-0000-4602-9101-3854F857B113}.Release|Any CPU.ActiveCfg = Release|Any CPU
		{5CD93BA5-0000-4602-9101-3854F857B113}.Release|Any CPU.Build.0 = Release|Any CPU
		{B0FFCDB4-71EF-4341-BF50-CC928F9A0062}.Debug|Any CPU.ActiveCfg = Debug|Any CPU
		{B0FFCDB4-71EF-4341-BF50-CC928F9A0062}.Debug|Any CPU.Build.0 = Debug|Any CPU
		{B0FFCDB4-71EF-4341-BF50-CC928F9A0062}.Release|Any CPU.ActiveCfg = Release|Any CPU
		{B0FFCDB4-71EF-4341-BF50-CC928F9A0062}.Release|Any CPU.Build.0 = Release|Any CPU
		{AA0261AB-61A4-488B-B434-4ED20203F38F}.Debug|Any CPU.ActiveCfg = Debug|Any CPU
		{AA0261AB-61A4-488B-B434-4ED20203F38F}.Debug|Any CPU.Build.0 = Debug|Any CPU
		{AA0261AB-61A4-488B-B434-4ED20203F38F}.Release|Any CPU.ActiveCfg = Release|Any CPU
		{AA0261AB-61A4-488B-B434-4ED20203F38F}.Release|Any CPU.Build.0 = Release|Any CPU
		{233EDE90-CFCD-462A-9ED8-EBD11D4E04DF}.Debug|Any CPU.ActiveCfg = Debug|Any CPU
		{233EDE90-CFCD-462A-9ED8-EBD11D4E04DF}.Debug|Any CPU.Build.0 = Debug|Any CPU
		{233EDE90-CFCD-462A-9ED8-EBD11D4E04DF}.Release|Any CPU.ActiveCfg = Release|Any CPU
		{233EDE90-CFCD-462A-9ED8-EBD11D4E04DF}.Release|Any CPU.Build.0 = Release|Any CPU
		{B57857AC-5B01-459B-BA8E-B3684CBA3437}.Debug|Any CPU.ActiveCfg = Debug|Any CPU
		{B57857AC-5B01-459B-BA8E-B3684CBA3437}.Debug|Any CPU.Build.0 = Debug|Any CPU
		{B57857AC-5B01-459B-BA8E-B3684CBA3437}.Release|Any CPU.ActiveCfg = Release|Any CPU
		{B57857AC-5B01-459B-BA8E-B3684CBA3437}.Release|Any CPU.Build.0 = Release|Any CPU
		{3CE8FD05-3F4E-4AC1-B6E8-EA7A371B6AE9}.Debug|Any CPU.ActiveCfg = Debug|Any CPU
		{3CE8FD05-3F4E-4AC1-B6E8-EA7A371B6AE9}.Debug|Any CPU.Build.0 = Debug|Any CPU
		{3CE8FD05-3F4E-4AC1-B6E8-EA7A371B6AE9}.Release|Any CPU.ActiveCfg = Release|Any CPU
		{3CE8FD05-3F4E-4AC1-B6E8-EA7A371B6AE9}.Release|Any CPU.Build.0 = Release|Any CPU
		{63B87A03-CB42-45FF-A9EC-AEE260A34507}.Debug|Any CPU.ActiveCfg = Debug|Any CPU
		{63B87A03-CB42-45FF-A9EC-AEE260A34507}.Debug|Any CPU.Build.0 = Debug|Any CPU
		{63B87A03-CB42-45FF-A9EC-AEE260A34507}.Release|Any CPU.ActiveCfg = Release|Any CPU
		{63B87A03-CB42-45FF-A9EC-AEE260A34507}.Release|Any CPU.Build.0 = Release|Any CPU
		{A56B3D14-790F-42A5-B1F6-9192ABCF52FF}.Debug|Any CPU.ActiveCfg = Debug|Any CPU
		{A56B3D14-790F-42A5-B1F6-9192ABCF52FF}.Debug|Any CPU.Build.0 = Debug|Any CPU
		{A56B3D14-790F-42A5-B1F6-9192ABCF52FF}.Release|Any CPU.ActiveCfg = Release|Any CPU
		{A56B3D14-790F-42A5-B1F6-9192ABCF52FF}.Release|Any CPU.Build.0 = Release|Any CPU
		{F6180DF5-2153-4C3F-8C32-9C8154D0D822}.Debug|Any CPU.ActiveCfg = Debug|Any CPU
		{F6180DF5-2153-4C3F-8C32-9C8154D0D822}.Debug|Any CPU.Build.0 = Debug|Any CPU
		{F6180DF5-2153-4C3F-8C32-9C8154D0D822}.Release|Any CPU.ActiveCfg = Release|Any CPU
		{F6180DF5-2153-4C3F-8C32-9C8154D0D822}.Release|Any CPU.Build.0 = Release|Any CPU
		{1B8FAB34-3FFF-419E-8111-C5A4118A2EDF}.Debug|Any CPU.ActiveCfg = Debug|Any CPU
		{1B8FAB34-3FFF-419E-8111-C5A4118A2EDF}.Debug|Any CPU.Build.0 = Debug|Any CPU
		{1B8FAB34-3FFF-419E-8111-C5A4118A2EDF}.Release|Any CPU.ActiveCfg = Release|Any CPU
		{1B8FAB34-3FFF-419E-8111-C5A4118A2EDF}.Release|Any CPU.Build.0 = Release|Any CPU
		{8DCCA5B6-9FDD-40EB-A42A-FEBCF065B870}.Debug|Any CPU.ActiveCfg = Debug|Any CPU
		{8DCCA5B6-9FDD-40EB-A42A-FEBCF065B870}.Debug|Any CPU.Build.0 = Debug|Any CPU
		{8DCCA5B6-9FDD-40EB-A42A-FEBCF065B870}.Release|Any CPU.ActiveCfg = Release|Any CPU
		{8DCCA5B6-9FDD-40EB-A42A-FEBCF065B870}.Release|Any CPU.Build.0 = Release|Any CPU
		{A7106978-C58E-4933-96F7-B85844D11AA8}.Debug|Any CPU.ActiveCfg = Debug|Any CPU
		{A7106978-C58E-4933-96F7-B85844D11AA8}.Debug|Any CPU.Build.0 = Debug|Any CPU
		{A7106978-C58E-4933-96F7-B85844D11AA8}.Release|Any CPU.ActiveCfg = Release|Any CPU
		{A7106978-C58E-4933-96F7-B85844D11AA8}.Release|Any CPU.Build.0 = Release|Any CPU
		{95E05214-998C-420B-9D22-14501210601A}.Debug|Any CPU.ActiveCfg = Debug|Any CPU
		{95E05214-998C-420B-9D22-14501210601A}.Debug|Any CPU.Build.0 = Debug|Any CPU
		{95E05214-998C-420B-9D22-14501210601A}.Release|Any CPU.ActiveCfg = Release|Any CPU
		{95E05214-998C-420B-9D22-14501210601A}.Release|Any CPU.Build.0 = Release|Any CPU
		{A7DF4E71-576B-4397-B244-AE45039CA63C}.Debug|Any CPU.ActiveCfg = Debug|Any CPU
		{A7DF4E71-576B-4397-B244-AE45039CA63C}.Debug|Any CPU.Build.0 = Debug|Any CPU
		{A7DF4E71-576B-4397-B244-AE45039CA63C}.Release|Any CPU.ActiveCfg = Release|Any CPU
		{A7DF4E71-576B-4397-B244-AE45039CA63C}.Release|Any CPU.Build.0 = Release|Any CPU
		{F5EF7399-7115-436B-9AAC-2C6491F980D5}.Debug|Any CPU.ActiveCfg = Debug|Any CPU
		{F5EF7399-7115-436B-9AAC-2C6491F980D5}.Debug|Any CPU.Build.0 = Debug|Any CPU
		{F5EF7399-7115-436B-9AAC-2C6491F980D5}.Release|Any CPU.ActiveCfg = Release|Any CPU
		{F5EF7399-7115-436B-9AAC-2C6491F980D5}.Release|Any CPU.Build.0 = Release|Any CPU
		{353EBE6F-9842-4E94-B26E-096C9F40902C}.Debug|Any CPU.ActiveCfg = Debug|Any CPU
		{353EBE6F-9842-4E94-B26E-096C9F40902C}.Debug|Any CPU.Build.0 = Debug|Any CPU
		{353EBE6F-9842-4E94-B26E-096C9F40902C}.Release|Any CPU.ActiveCfg = Release|Any CPU
		{353EBE6F-9842-4E94-B26E-096C9F40902C}.Release|Any CPU.Build.0 = Release|Any CPU
		{65F3AC73-D055-449A-8248-2476E3AF1A6B}.Debug|Any CPU.ActiveCfg = Debug|Any CPU
		{65F3AC73-D055-449A-8248-2476E3AF1A6B}.Debug|Any CPU.Build.0 = Debug|Any CPU
		{65F3AC73-D055-449A-8248-2476E3AF1A6B}.Release|Any CPU.ActiveCfg = Release|Any CPU
		{65F3AC73-D055-449A-8248-2476E3AF1A6B}.Release|Any CPU.Build.0 = Release|Any CPU
		{363F16EE-41F1-439D-ABD7-E984DC246C0F}.Debug|Any CPU.ActiveCfg = Debug|Any CPU
		{363F16EE-41F1-439D-ABD7-E984DC246C0F}.Debug|Any CPU.Build.0 = Debug|Any CPU
		{363F16EE-41F1-439D-ABD7-E984DC246C0F}.Release|Any CPU.ActiveCfg = Release|Any CPU
		{363F16EE-41F1-439D-ABD7-E984DC246C0F}.Release|Any CPU.Build.0 = Release|Any CPU
		{B37C85DD-F876-4F01-81BB-A618AC2764C2}.Debug|Any CPU.ActiveCfg = Debug|Any CPU
		{B37C85DD-F876-4F01-81BB-A618AC2764C2}.Debug|Any CPU.Build.0 = Debug|Any CPU
		{B37C85DD-F876-4F01-81BB-A618AC2764C2}.Release|Any CPU.ActiveCfg = Release|Any CPU
		{B37C85DD-F876-4F01-81BB-A618AC2764C2}.Release|Any CPU.Build.0 = Release|Any CPU
		{5CA0B12B-5A73-430C-9435-A1AFED473EF0}.Debug|Any CPU.ActiveCfg = Debug|Any CPU
		{5CA0B12B-5A73-430C-9435-A1AFED473EF0}.Debug|Any CPU.Build.0 = Debug|Any CPU
		{5CA0B12B-5A73-430C-9435-A1AFED473EF0}.Release|Any CPU.ActiveCfg = Release|Any CPU
		{5CA0B12B-5A73-430C-9435-A1AFED473EF0}.Release|Any CPU.Build.0 = Release|Any CPU
		{8F33C528-CFA8-4D8E-91BE-60DCD146F1F2}.Debug|Any CPU.ActiveCfg = Debug|Any CPU
		{8F33C528-CFA8-4D8E-91BE-60DCD146F1F2}.Debug|Any CPU.Build.0 = Debug|Any CPU
		{8F33C528-CFA8-4D8E-91BE-60DCD146F1F2}.Release|Any CPU.ActiveCfg = Release|Any CPU
		{8F33C528-CFA8-4D8E-91BE-60DCD146F1F2}.Release|Any CPU.Build.0 = Release|Any CPU
		{F5D5D4A6-369D-41BA-BA43-6D398C74CDE7}.Debug|Any CPU.ActiveCfg = Debug|Any CPU
		{F5D5D4A6-369D-41BA-BA43-6D398C74CDE7}.Debug|Any CPU.Build.0 = Debug|Any CPU
		{F5D5D4A6-369D-41BA-BA43-6D398C74CDE7}.Release|Any CPU.ActiveCfg = Release|Any CPU
		{F5D5D4A6-369D-41BA-BA43-6D398C74CDE7}.Release|Any CPU.Build.0 = Release|Any CPU
		{855680F0-1124-46EB-9380-5E53B6673681}.Debug|Any CPU.ActiveCfg = Debug|Any CPU
		{855680F0-1124-46EB-9380-5E53B6673681}.Debug|Any CPU.Build.0 = Debug|Any CPU
		{855680F0-1124-46EB-9380-5E53B6673681}.Release|Any CPU.ActiveCfg = Release|Any CPU
		{855680F0-1124-46EB-9380-5E53B6673681}.Release|Any CPU.Build.0 = Release|Any CPU
		{27F39183-578A-4773-A9FC-C978C22CBCF6}.Debug|Any CPU.ActiveCfg = Debug|Any CPU
		{27F39183-578A-4773-A9FC-C978C22CBCF6}.Debug|Any CPU.Build.0 = Debug|Any CPU
		{27F39183-578A-4773-A9FC-C978C22CBCF6}.Release|Any CPU.ActiveCfg = Release|Any CPU
		{27F39183-578A-4773-A9FC-C978C22CBCF6}.Release|Any CPU.Build.0 = Release|Any CPU
		{BBA51733-9F6B-462E-B90B-8EFAC70ED914}.Debug|Any CPU.ActiveCfg = Debug|Any CPU
		{BBA51733-9F6B-462E-B90B-8EFAC70ED914}.Debug|Any CPU.Build.0 = Debug|Any CPU
		{BBA51733-9F6B-462E-B90B-8EFAC70ED914}.Release|Any CPU.ActiveCfg = Release|Any CPU
		{BBA51733-9F6B-462E-B90B-8EFAC70ED914}.Release|Any CPU.Build.0 = Release|Any CPU
		{42417FEA-06EA-484B-946C-798B89F9592B}.Debug|Any CPU.ActiveCfg = Debug|Any CPU
		{42417FEA-06EA-484B-946C-798B89F9592B}.Debug|Any CPU.Build.0 = Debug|Any CPU
		{42417FEA-06EA-484B-946C-798B89F9592B}.Release|Any CPU.ActiveCfg = Release|Any CPU
		{42417FEA-06EA-484B-946C-798B89F9592B}.Release|Any CPU.Build.0 = Release|Any CPU
		{3CC15209-BC89-477D-A3C0-3143E7974C1A}.Debug|Any CPU.ActiveCfg = Debug|Any CPU
		{3CC15209-BC89-477D-A3C0-3143E7974C1A}.Debug|Any CPU.Build.0 = Debug|Any CPU
		{3CC15209-BC89-477D-A3C0-3143E7974C1A}.Release|Any CPU.ActiveCfg = Release|Any CPU
		{3CC15209-BC89-477D-A3C0-3143E7974C1A}.Release|Any CPU.Build.0 = Release|Any CPU
		{543B95D3-F4BF-469A-9E95-EC560045E13C}.Debug|Any CPU.ActiveCfg = Debug|Any CPU
		{543B95D3-F4BF-469A-9E95-EC560045E13C}.Debug|Any CPU.Build.0 = Debug|Any CPU
		{543B95D3-F4BF-469A-9E95-EC560045E13C}.Release|Any CPU.ActiveCfg = Release|Any CPU
		{543B95D3-F4BF-469A-9E95-EC560045E13C}.Release|Any CPU.Build.0 = Release|Any CPU
		{0E9A2FF9-B3F3-4549-8E0F-34FD74324FB6}.Debug|Any CPU.ActiveCfg = Debug|Any CPU
		{0E9A2FF9-B3F3-4549-8E0F-34FD74324FB6}.Debug|Any CPU.Build.0 = Debug|Any CPU
		{0E9A2FF9-B3F3-4549-8E0F-34FD74324FB6}.Release|Any CPU.ActiveCfg = Release|Any CPU
		{0E9A2FF9-B3F3-4549-8E0F-34FD74324FB6}.Release|Any CPU.Build.0 = Release|Any CPU
		{A77FDC17-D85D-4946-BE63-8FBF6BB04C01}.Debug|Any CPU.ActiveCfg = Debug|Any CPU
		{A77FDC17-D85D-4946-BE63-8FBF6BB04C01}.Debug|Any CPU.Build.0 = Debug|Any CPU
		{A77FDC17-D85D-4946-BE63-8FBF6BB04C01}.Release|Any CPU.ActiveCfg = Release|Any CPU
		{A77FDC17-D85D-4946-BE63-8FBF6BB04C01}.Release|Any CPU.Build.0 = Release|Any CPU
		{B0667FC2-8A74-4909-B120-EE8384E4C17F}.Debug|Any CPU.ActiveCfg = Debug|Any CPU
		{B0667FC2-8A74-4909-B120-EE8384E4C17F}.Debug|Any CPU.Build.0 = Debug|Any CPU
		{B0667FC2-8A74-4909-B120-EE8384E4C17F}.Release|Any CPU.ActiveCfg = Release|Any CPU
		{B0667FC2-8A74-4909-B120-EE8384E4C17F}.Release|Any CPU.Build.0 = Release|Any CPU
		{900ED7A1-1ADC-49B6-8083-DDF2C26C68E4}.Debug|Any CPU.ActiveCfg = Debug|Any CPU
		{900ED7A1-1ADC-49B6-8083-DDF2C26C68E4}.Debug|Any CPU.Build.0 = Debug|Any CPU
		{900ED7A1-1ADC-49B6-8083-DDF2C26C68E4}.Release|Any CPU.ActiveCfg = Release|Any CPU
		{900ED7A1-1ADC-49B6-8083-DDF2C26C68E4}.Release|Any CPU.Build.0 = Release|Any CPU
		{FC963B0B-A843-4A7C-9241-2E9EF6C35F7E}.Debug|Any CPU.ActiveCfg = Debug|Any CPU
		{FC963B0B-A843-4A7C-9241-2E9EF6C35F7E}.Debug|Any CPU.Build.0 = Debug|Any CPU
		{FC963B0B-A843-4A7C-9241-2E9EF6C35F7E}.Release|Any CPU.ActiveCfg = Release|Any CPU
		{FC963B0B-A843-4A7C-9241-2E9EF6C35F7E}.Release|Any CPU.Build.0 = Release|Any CPU
		{4D8C1278-EBC7-44C7-AE36-200D49ACB20D}.Debug|Any CPU.ActiveCfg = Debug|Any CPU
		{4D8C1278-EBC7-44C7-AE36-200D49ACB20D}.Debug|Any CPU.Build.0 = Debug|Any CPU
		{4D8C1278-EBC7-44C7-AE36-200D49ACB20D}.Release|Any CPU.ActiveCfg = Release|Any CPU
		{4D8C1278-EBC7-44C7-AE36-200D49ACB20D}.Release|Any CPU.Build.0 = Release|Any CPU
		{5412ED83-08D3-4C13-A0A7-92F0FC38436A}.Debug|Any CPU.ActiveCfg = Debug|Any CPU
		{5412ED83-08D3-4C13-A0A7-92F0FC38436A}.Debug|Any CPU.Build.0 = Debug|Any CPU
		{5412ED83-08D3-4C13-A0A7-92F0FC38436A}.Release|Any CPU.ActiveCfg = Release|Any CPU
		{5412ED83-08D3-4C13-A0A7-92F0FC38436A}.Release|Any CPU.Build.0 = Release|Any CPU
		{9E63D2BB-36DD-44AD-A531-E054B2E398C9}.Debug|Any CPU.ActiveCfg = Debug|Any CPU
		{9E63D2BB-36DD-44AD-A531-E054B2E398C9}.Debug|Any CPU.Build.0 = Debug|Any CPU
		{9E63D2BB-36DD-44AD-A531-E054B2E398C9}.Release|Any CPU.ActiveCfg = Release|Any CPU
		{9E63D2BB-36DD-44AD-A531-E054B2E398C9}.Release|Any CPU.Build.0 = Release|Any CPU
		{912FA6D1-E6C7-4910-8F5C-293937B3BCE4}.Debug|Any CPU.ActiveCfg = Debug|Any CPU
		{912FA6D1-E6C7-4910-8F5C-293937B3BCE4}.Debug|Any CPU.Build.0 = Debug|Any CPU
		{912FA6D1-E6C7-4910-8F5C-293937B3BCE4}.Release|Any CPU.ActiveCfg = Release|Any CPU
		{912FA6D1-E6C7-4910-8F5C-293937B3BCE4}.Release|Any CPU.Build.0 = Release|Any CPU
		{850E1FC7-CCF4-4C8A-9E05-D2D5B39B4451}.Debug|Any CPU.ActiveCfg = Debug|Any CPU
		{850E1FC7-CCF4-4C8A-9E05-D2D5B39B4451}.Debug|Any CPU.Build.0 = Debug|Any CPU
		{850E1FC7-CCF4-4C8A-9E05-D2D5B39B4451}.Release|Any CPU.ActiveCfg = Release|Any CPU
		{850E1FC7-CCF4-4C8A-9E05-D2D5B39B4451}.Release|Any CPU.Build.0 = Release|Any CPU
		{4FA39AB5-9591-4618-827E-A9C6392F4771}.Debug|Any CPU.ActiveCfg = Debug|Any CPU
		{4FA39AB5-9591-4618-827E-A9C6392F4771}.Debug|Any CPU.Build.0 = Debug|Any CPU
		{4FA39AB5-9591-4618-827E-A9C6392F4771}.Release|Any CPU.ActiveCfg = Release|Any CPU
		{4FA39AB5-9591-4618-827E-A9C6392F4771}.Release|Any CPU.Build.0 = Release|Any CPU
		{1BEB39EF-FCDC-4ED1-BB12-313AE8E1F6BF}.Debug|Any CPU.ActiveCfg = Debug|Any CPU
		{1BEB39EF-FCDC-4ED1-BB12-313AE8E1F6BF}.Debug|Any CPU.Build.0 = Debug|Any CPU
		{1BEB39EF-FCDC-4ED1-BB12-313AE8E1F6BF}.Release|Any CPU.ActiveCfg = Release|Any CPU
		{1BEB39EF-FCDC-4ED1-BB12-313AE8E1F6BF}.Release|Any CPU.Build.0 = Release|Any CPU
		{103072B3-E375-410B-BA68-ADCD7DC9EB33}.Debug|Any CPU.ActiveCfg = Debug|Any CPU
		{103072B3-E375-410B-BA68-ADCD7DC9EB33}.Debug|Any CPU.Build.0 = Debug|Any CPU
		{103072B3-E375-410B-BA68-ADCD7DC9EB33}.Release|Any CPU.ActiveCfg = Release|Any CPU
		{103072B3-E375-410B-BA68-ADCD7DC9EB33}.Release|Any CPU.Build.0 = Release|Any CPU
		{C3FF0B29-1BF4-47E2-B148-D6A39D23AFC4}.Debug|Any CPU.ActiveCfg = Debug|Any CPU
		{C3FF0B29-1BF4-47E2-B148-D6A39D23AFC4}.Debug|Any CPU.Build.0 = Debug|Any CPU
		{C3FF0B29-1BF4-47E2-B148-D6A39D23AFC4}.Release|Any CPU.ActiveCfg = Release|Any CPU
		{C3FF0B29-1BF4-47E2-B148-D6A39D23AFC4}.Release|Any CPU.Build.0 = Release|Any CPU
		{E98AC4BD-1A19-4CD5-A6C0-54F1970C830D}.Debug|Any CPU.ActiveCfg = Debug|Any CPU
		{E98AC4BD-1A19-4CD5-A6C0-54F1970C830D}.Debug|Any CPU.Build.0 = Debug|Any CPU
		{E98AC4BD-1A19-4CD5-A6C0-54F1970C830D}.Release|Any CPU.ActiveCfg = Release|Any CPU
		{E98AC4BD-1A19-4CD5-A6C0-54F1970C830D}.Release|Any CPU.Build.0 = Release|Any CPU
		{A572451F-58CF-4D9B-8336-EA144050E07F}.Debug|Any CPU.ActiveCfg = Debug|Any CPU
		{A572451F-58CF-4D9B-8336-EA144050E07F}.Debug|Any CPU.Build.0 = Debug|Any CPU
		{A572451F-58CF-4D9B-8336-EA144050E07F}.Release|Any CPU.ActiveCfg = Release|Any CPU
		{A572451F-58CF-4D9B-8336-EA144050E07F}.Release|Any CPU.Build.0 = Release|Any CPU
		{ECAF7B03-7805-4721-B04F-0BFCAA178198}.Debug|Any CPU.ActiveCfg = Debug|Any CPU
		{ECAF7B03-7805-4721-B04F-0BFCAA178198}.Debug|Any CPU.Build.0 = Debug|Any CPU
		{ECAF7B03-7805-4721-B04F-0BFCAA178198}.Release|Any CPU.ActiveCfg = Release|Any CPU
		{ECAF7B03-7805-4721-B04F-0BFCAA178198}.Release|Any CPU.Build.0 = Release|Any CPU
		{719EAC34-3473-4D36-88F7-92F89A42EF30}.Debug|Any CPU.ActiveCfg = Debug|Any CPU
		{719EAC34-3473-4D36-88F7-92F89A42EF30}.Debug|Any CPU.Build.0 = Debug|Any CPU
		{719EAC34-3473-4D36-88F7-92F89A42EF30}.Release|Any CPU.ActiveCfg = Release|Any CPU
		{719EAC34-3473-4D36-88F7-92F89A42EF30}.Release|Any CPU.Build.0 = Release|Any CPU
		{990457DA-C55B-4B34-8BA7-EE24DC1C527D}.Debug|Any CPU.ActiveCfg = Debug|Any CPU
		{990457DA-C55B-4B34-8BA7-EE24DC1C527D}.Debug|Any CPU.Build.0 = Debug|Any CPU
		{990457DA-C55B-4B34-8BA7-EE24DC1C527D}.Release|Any CPU.ActiveCfg = Release|Any CPU
		{990457DA-C55B-4B34-8BA7-EE24DC1C527D}.Release|Any CPU.Build.0 = Release|Any CPU
		{023A918E-253E-4414-9347-1A6389DB449F}.Debug|Any CPU.ActiveCfg = Debug|Any CPU
		{023A918E-253E-4414-9347-1A6389DB449F}.Debug|Any CPU.Build.0 = Debug|Any CPU
		{023A918E-253E-4414-9347-1A6389DB449F}.Release|Any CPU.ActiveCfg = Release|Any CPU
		{023A918E-253E-4414-9347-1A6389DB449F}.Release|Any CPU.Build.0 = Release|Any CPU
		{FAF81CDF-3294-41F8-87DF-7E2949CAF03C}.Debug|Any CPU.ActiveCfg = Debug|Any CPU
		{FAF81CDF-3294-41F8-87DF-7E2949CAF03C}.Debug|Any CPU.Build.0 = Debug|Any CPU
		{FAF81CDF-3294-41F8-87DF-7E2949CAF03C}.Release|Any CPU.ActiveCfg = Release|Any CPU
		{FAF81CDF-3294-41F8-87DF-7E2949CAF03C}.Release|Any CPU.Build.0 = Release|Any CPU
		{726DE735-F519-4041-85C8-291FE7CBBB4A}.Debug|Any CPU.ActiveCfg = Debug|Any CPU
		{726DE735-F519-4041-85C8-291FE7CBBB4A}.Debug|Any CPU.Build.0 = Debug|Any CPU
		{726DE735-F519-4041-85C8-291FE7CBBB4A}.Release|Any CPU.ActiveCfg = Release|Any CPU
		{726DE735-F519-4041-85C8-291FE7CBBB4A}.Release|Any CPU.Build.0 = Release|Any CPU
		{A8900B4B-9E3D-4511-BA7F-35A7F47252E7}.Debug|Any CPU.ActiveCfg = Debug|Any CPU
		{A8900B4B-9E3D-4511-BA7F-35A7F47252E7}.Debug|Any CPU.Build.0 = Debug|Any CPU
		{A8900B4B-9E3D-4511-BA7F-35A7F47252E7}.Release|Any CPU.ActiveCfg = Release|Any CPU
		{A8900B4B-9E3D-4511-BA7F-35A7F47252E7}.Release|Any CPU.Build.0 = Release|Any CPU
		{FFE09C13-77C9-48A5-B0BC-EB54E030DECC}.Debug|Any CPU.ActiveCfg = Debug|Any CPU
		{FFE09C13-77C9-48A5-B0BC-EB54E030DECC}.Debug|Any CPU.Build.0 = Debug|Any CPU
		{FFE09C13-77C9-48A5-B0BC-EB54E030DECC}.Release|Any CPU.ActiveCfg = Release|Any CPU
		{FFE09C13-77C9-48A5-B0BC-EB54E030DECC}.Release|Any CPU.Build.0 = Release|Any CPU
		{5AFA79B1-4DCF-4605-AE49-1F6ABBC0F5EC}.Debug|Any CPU.ActiveCfg = Debug|Any CPU
		{5AFA79B1-4DCF-4605-AE49-1F6ABBC0F5EC}.Debug|Any CPU.Build.0 = Debug|Any CPU
		{5AFA79B1-4DCF-4605-AE49-1F6ABBC0F5EC}.Release|Any CPU.ActiveCfg = Release|Any CPU
		{5AFA79B1-4DCF-4605-AE49-1F6ABBC0F5EC}.Release|Any CPU.Build.0 = Release|Any CPU
		{1F7F1707-521C-403B-BFB2-CED30EA168C5}.Debug|Any CPU.ActiveCfg = Debug|Any CPU
		{1F7F1707-521C-403B-BFB2-CED30EA168C5}.Debug|Any CPU.Build.0 = Debug|Any CPU
		{1F7F1707-521C-403B-BFB2-CED30EA168C5}.Release|Any CPU.ActiveCfg = Release|Any CPU
		{1F7F1707-521C-403B-BFB2-CED30EA168C5}.Release|Any CPU.Build.0 = Release|Any CPU
		{3F485648-8F2E-4413-B527-DAF1FB01F36B}.Debug|Any CPU.ActiveCfg = Debug|Any CPU
		{3F485648-8F2E-4413-B527-DAF1FB01F36B}.Debug|Any CPU.Build.0 = Debug|Any CPU
		{3F485648-8F2E-4413-B527-DAF1FB01F36B}.Release|Any CPU.ActiveCfg = Release|Any CPU
		{3F485648-8F2E-4413-B527-DAF1FB01F36B}.Release|Any CPU.Build.0 = Release|Any CPU
		{99879C24-D79B-424D-84E7-F60D1726E101}.Debug|Any CPU.ActiveCfg = Debug|Any CPU
		{99879C24-D79B-424D-84E7-F60D1726E101}.Debug|Any CPU.Build.0 = Debug|Any CPU
		{99879C24-D79B-424D-84E7-F60D1726E101}.Release|Any CPU.ActiveCfg = Release|Any CPU
		{99879C24-D79B-424D-84E7-F60D1726E101}.Release|Any CPU.Build.0 = Release|Any CPU
		{73CC3B19-1494-4243-8A7C-24C40F057A9E}.Debug|Any CPU.ActiveCfg = Debug|Any CPU
		{73CC3B19-1494-4243-8A7C-24C40F057A9E}.Debug|Any CPU.Build.0 = Debug|Any CPU
		{73CC3B19-1494-4243-8A7C-24C40F057A9E}.Release|Any CPU.ActiveCfg = Release|Any CPU
		{73CC3B19-1494-4243-8A7C-24C40F057A9E}.Release|Any CPU.Build.0 = Release|Any CPU
		{51EA0FD7-4B48-46D6-93C5-21412B77C9C3}.Debug|Any CPU.ActiveCfg = Debug|Any CPU
		{51EA0FD7-4B48-46D6-93C5-21412B77C9C3}.Debug|Any CPU.Build.0 = Debug|Any CPU
		{51EA0FD7-4B48-46D6-93C5-21412B77C9C3}.Release|Any CPU.ActiveCfg = Release|Any CPU
		{51EA0FD7-4B48-46D6-93C5-21412B77C9C3}.Release|Any CPU.Build.0 = Release|Any CPU
		{86647D1F-849B-4FA4-B0A9-B1300C72C6C6}.Debug|Any CPU.ActiveCfg = Debug|Any CPU
		{86647D1F-849B-4FA4-B0A9-B1300C72C6C6}.Debug|Any CPU.Build.0 = Debug|Any CPU
		{86647D1F-849B-4FA4-B0A9-B1300C72C6C6}.Release|Any CPU.ActiveCfg = Release|Any CPU
		{86647D1F-849B-4FA4-B0A9-B1300C72C6C6}.Release|Any CPU.Build.0 = Release|Any CPU
		{37964E3B-8A83-4E82-AB1E-34B6304C7D38}.Debug|Any CPU.ActiveCfg = Debug|Any CPU
		{37964E3B-8A83-4E82-AB1E-34B6304C7D38}.Debug|Any CPU.Build.0 = Debug|Any CPU
		{37964E3B-8A83-4E82-AB1E-34B6304C7D38}.Release|Any CPU.ActiveCfg = Release|Any CPU
		{37964E3B-8A83-4E82-AB1E-34B6304C7D38}.Release|Any CPU.Build.0 = Release|Any CPU
		{0452A3AC-D891-4984-A427-37D36B14E88D}.Debug|Any CPU.ActiveCfg = Debug|Any CPU
		{0452A3AC-D891-4984-A427-37D36B14E88D}.Debug|Any CPU.Build.0 = Debug|Any CPU
		{0452A3AC-D891-4984-A427-37D36B14E88D}.Release|Any CPU.ActiveCfg = Release|Any CPU
		{0452A3AC-D891-4984-A427-37D36B14E88D}.Release|Any CPU.Build.0 = Release|Any CPU
		{A76D22B8-8B35-4CC9-BD30-4DABFFCFF8D4}.Debug|Any CPU.ActiveCfg = Debug|Any CPU
		{A76D22B8-8B35-4CC9-BD30-4DABFFCFF8D4}.Debug|Any CPU.Build.0 = Debug|Any CPU
		{A76D22B8-8B35-4CC9-BD30-4DABFFCFF8D4}.Release|Any CPU.ActiveCfg = Release|Any CPU
		{A76D22B8-8B35-4CC9-BD30-4DABFFCFF8D4}.Release|Any CPU.Build.0 = Release|Any CPU
		{93D0F488-A89F-4A8C-AC87-03767CF35A1B}.Debug|Any CPU.ActiveCfg = Debug|Any CPU
		{93D0F488-A89F-4A8C-AC87-03767CF35A1B}.Debug|Any CPU.Build.0 = Debug|Any CPU
		{93D0F488-A89F-4A8C-AC87-03767CF35A1B}.Release|Any CPU.ActiveCfg = Release|Any CPU
		{93D0F488-A89F-4A8C-AC87-03767CF35A1B}.Release|Any CPU.Build.0 = Release|Any CPU
		{6AA5B349-485D-41EF-990D-58C917D11D1C}.Debug|Any CPU.ActiveCfg = Debug|Any CPU
		{6AA5B349-485D-41EF-990D-58C917D11D1C}.Debug|Any CPU.Build.0 = Debug|Any CPU
		{6AA5B349-485D-41EF-990D-58C917D11D1C}.Release|Any CPU.ActiveCfg = Release|Any CPU
		{6AA5B349-485D-41EF-990D-58C917D11D1C}.Release|Any CPU.Build.0 = Release|Any CPU
		{7FEEC72F-AF1F-4CC2-ABA9-1844B600FC61}.Debug|Any CPU.ActiveCfg = Debug|Any CPU
		{7FEEC72F-AF1F-4CC2-ABA9-1844B600FC61}.Debug|Any CPU.Build.0 = Debug|Any CPU
		{7FEEC72F-AF1F-4CC2-ABA9-1844B600FC61}.Release|Any CPU.ActiveCfg = Release|Any CPU
		{7FEEC72F-AF1F-4CC2-ABA9-1844B600FC61}.Release|Any CPU.Build.0 = Release|Any CPU
		{7BC9283C-288A-4AB1-BDED-9E31FA5281F2}.Debug|Any CPU.ActiveCfg = Debug|Any CPU
		{7BC9283C-288A-4AB1-BDED-9E31FA5281F2}.Debug|Any CPU.Build.0 = Debug|Any CPU
		{7BC9283C-288A-4AB1-BDED-9E31FA5281F2}.Release|Any CPU.ActiveCfg = Release|Any CPU
		{7BC9283C-288A-4AB1-BDED-9E31FA5281F2}.Release|Any CPU.Build.0 = Release|Any CPU
		{66C6BB2A-49F4-4B4D-AA69-B1C1026388DB}.Debug|Any CPU.ActiveCfg = Debug|Any CPU
		{66C6BB2A-49F4-4B4D-AA69-B1C1026388DB}.Debug|Any CPU.Build.0 = Debug|Any CPU
		{66C6BB2A-49F4-4B4D-AA69-B1C1026388DB}.Release|Any CPU.ActiveCfg = Release|Any CPU
		{66C6BB2A-49F4-4B4D-AA69-B1C1026388DB}.Release|Any CPU.Build.0 = Release|Any CPU
		{03126C1C-7240-4920-9F12-2505EEA7B67A}.Debug|Any CPU.ActiveCfg = Debug|Any CPU
		{03126C1C-7240-4920-9F12-2505EEA7B67A}.Debug|Any CPU.Build.0 = Debug|Any CPU
		{03126C1C-7240-4920-9F12-2505EEA7B67A}.Release|Any CPU.ActiveCfg = Release|Any CPU
		{03126C1C-7240-4920-9F12-2505EEA7B67A}.Release|Any CPU.Build.0 = Release|Any CPU
		{FFE10827-146D-454D-90F9-5E01613CD1E5}.Debug|Any CPU.ActiveCfg = Debug|Any CPU
		{FFE10827-146D-454D-90F9-5E01613CD1E5}.Debug|Any CPU.Build.0 = Debug|Any CPU
		{FFE10827-146D-454D-90F9-5E01613CD1E5}.Release|Any CPU.ActiveCfg = Release|Any CPU
		{FFE10827-146D-454D-90F9-5E01613CD1E5}.Release|Any CPU.Build.0 = Release|Any CPU
		{5DE9ADF4-6981-49F7-92B4-2A6B5A82C13B}.Debug|Any CPU.ActiveCfg = Debug|Any CPU
		{5DE9ADF4-6981-49F7-92B4-2A6B5A82C13B}.Debug|Any CPU.Build.0 = Debug|Any CPU
		{5DE9ADF4-6981-49F7-92B4-2A6B5A82C13B}.Release|Any CPU.ActiveCfg = Release|Any CPU
		{5DE9ADF4-6981-49F7-92B4-2A6B5A82C13B}.Release|Any CPU.Build.0 = Release|Any CPU
		{183E8886-7D15-465F-B948-45C7AE60DA89}.Debug|Any CPU.ActiveCfg = Debug|Any CPU
		{183E8886-7D15-465F-B948-45C7AE60DA89}.Debug|Any CPU.Build.0 = Debug|Any CPU
		{183E8886-7D15-465F-B948-45C7AE60DA89}.Release|Any CPU.ActiveCfg = Release|Any CPU
		{183E8886-7D15-465F-B948-45C7AE60DA89}.Release|Any CPU.Build.0 = Release|Any CPU
		{91CDFDC6-F0C1-4114-9D49-5016EA9EBBBE}.Debug|Any CPU.ActiveCfg = Debug|Any CPU
		{91CDFDC6-F0C1-4114-9D49-5016EA9EBBBE}.Debug|Any CPU.Build.0 = Debug|Any CPU
		{91CDFDC6-F0C1-4114-9D49-5016EA9EBBBE}.Release|Any CPU.ActiveCfg = Release|Any CPU
		{91CDFDC6-F0C1-4114-9D49-5016EA9EBBBE}.Release|Any CPU.Build.0 = Release|Any CPU
		{DAF064C7-569B-40EC-93AF-7684D2C4F667}.Debug|Any CPU.ActiveCfg = Debug|Any CPU
		{DAF064C7-569B-40EC-93AF-7684D2C4F667}.Debug|Any CPU.Build.0 = Debug|Any CPU
		{DAF064C7-569B-40EC-93AF-7684D2C4F667}.Release|Any CPU.ActiveCfg = Release|Any CPU
		{DAF064C7-569B-40EC-93AF-7684D2C4F667}.Release|Any CPU.Build.0 = Release|Any CPU
		{970E1E5A-C967-40C4-B896-995D9D4544CA}.Debug|Any CPU.ActiveCfg = Debug|Any CPU
		{970E1E5A-C967-40C4-B896-995D9D4544CA}.Debug|Any CPU.Build.0 = Debug|Any CPU
		{970E1E5A-C967-40C4-B896-995D9D4544CA}.Release|Any CPU.ActiveCfg = Release|Any CPU
		{970E1E5A-C967-40C4-B896-995D9D4544CA}.Release|Any CPU.Build.0 = Release|Any CPU
		{0CB9227D-2B07-4274-95FE-FBFB168E0B98}.Debug|Any CPU.ActiveCfg = Debug|Any CPU
		{0CB9227D-2B07-4274-95FE-FBFB168E0B98}.Debug|Any CPU.Build.0 = Debug|Any CPU
		{0CB9227D-2B07-4274-95FE-FBFB168E0B98}.Release|Any CPU.ActiveCfg = Release|Any CPU
		{0CB9227D-2B07-4274-95FE-FBFB168E0B98}.Release|Any CPU.Build.0 = Release|Any CPU
		{288C2855-DAE0-41A9-B295-B0EC926D065A}.Debug|Any CPU.ActiveCfg = Debug|Any CPU
		{288C2855-DAE0-41A9-B295-B0EC926D065A}.Debug|Any CPU.Build.0 = Debug|Any CPU
		{288C2855-DAE0-41A9-B295-B0EC926D065A}.Release|Any CPU.ActiveCfg = Release|Any CPU
		{288C2855-DAE0-41A9-B295-B0EC926D065A}.Release|Any CPU.Build.0 = Release|Any CPU
		{238A0815-D9B6-4771-8911-8B1854B41159}.Debug|Any CPU.ActiveCfg = Debug|Any CPU
		{238A0815-D9B6-4771-8911-8B1854B41159}.Debug|Any CPU.Build.0 = Debug|Any CPU
		{238A0815-D9B6-4771-8911-8B1854B41159}.Release|Any CPU.ActiveCfg = Release|Any CPU
		{238A0815-D9B6-4771-8911-8B1854B41159}.Release|Any CPU.Build.0 = Release|Any CPU
		{497D0B6C-DD50-4B6C-B5FD-CC8D9C3F1EA5}.Debug|Any CPU.ActiveCfg = Debug|Any CPU
		{497D0B6C-DD50-4B6C-B5FD-CC8D9C3F1EA5}.Debug|Any CPU.Build.0 = Debug|Any CPU
		{497D0B6C-DD50-4B6C-B5FD-CC8D9C3F1EA5}.Release|Any CPU.ActiveCfg = Release|Any CPU
		{497D0B6C-DD50-4B6C-B5FD-CC8D9C3F1EA5}.Release|Any CPU.Build.0 = Release|Any CPU
		{FE0F495E-92FE-41FB-BE53-133E9BE96014}.Debug|Any CPU.ActiveCfg = Debug|Any CPU
		{FE0F495E-92FE-41FB-BE53-133E9BE96014}.Debug|Any CPU.Build.0 = Debug|Any CPU
		{FE0F495E-92FE-41FB-BE53-133E9BE96014}.Release|Any CPU.ActiveCfg = Release|Any CPU
		{FE0F495E-92FE-41FB-BE53-133E9BE96014}.Release|Any CPU.Build.0 = Release|Any CPU
		{77E46824-6F0F-4B18-AC9D-F1BA1A3CA145}.Debug|Any CPU.ActiveCfg = Debug|Any CPU
		{77E46824-6F0F-4B18-AC9D-F1BA1A3CA145}.Debug|Any CPU.Build.0 = Debug|Any CPU
		{77E46824-6F0F-4B18-AC9D-F1BA1A3CA145}.Release|Any CPU.ActiveCfg = Release|Any CPU
		{77E46824-6F0F-4B18-AC9D-F1BA1A3CA145}.Release|Any CPU.Build.0 = Release|Any CPU
		{0DE8CE33-B2D4-462D-B1DE-B3A395ED7631}.Debug|Any CPU.ActiveCfg = Debug|Any CPU
		{0DE8CE33-B2D4-462D-B1DE-B3A395ED7631}.Debug|Any CPU.Build.0 = Debug|Any CPU
		{0DE8CE33-B2D4-462D-B1DE-B3A395ED7631}.Release|Any CPU.ActiveCfg = Release|Any CPU
		{0DE8CE33-B2D4-462D-B1DE-B3A395ED7631}.Release|Any CPU.Build.0 = Release|Any CPU
		{E9390779-1D3F-4E07-ADF9-E01B11EF8A06}.Debug|Any CPU.ActiveCfg = Debug|Any CPU
		{E9390779-1D3F-4E07-ADF9-E01B11EF8A06}.Debug|Any CPU.Build.0 = Debug|Any CPU
		{E9390779-1D3F-4E07-ADF9-E01B11EF8A06}.Release|Any CPU.ActiveCfg = Release|Any CPU
		{E9390779-1D3F-4E07-ADF9-E01B11EF8A06}.Release|Any CPU.Build.0 = Release|Any CPU
		{7D647C1B-628D-477B-8D31-5CDE2F32E62C}.Debug|Any CPU.ActiveCfg = Debug|Any CPU
		{7D647C1B-628D-477B-8D31-5CDE2F32E62C}.Debug|Any CPU.Build.0 = Debug|Any CPU
		{7D647C1B-628D-477B-8D31-5CDE2F32E62C}.Release|Any CPU.ActiveCfg = Release|Any CPU
		{7D647C1B-628D-477B-8D31-5CDE2F32E62C}.Release|Any CPU.Build.0 = Release|Any CPU
		{63B4DE92-926B-425E-AB1A-85B894528CCD}.Debug|Any CPU.ActiveCfg = Debug|Any CPU
		{63B4DE92-926B-425E-AB1A-85B894528CCD}.Debug|Any CPU.Build.0 = Debug|Any CPU
		{63B4DE92-926B-425E-AB1A-85B894528CCD}.Release|Any CPU.ActiveCfg = Release|Any CPU
		{63B4DE92-926B-425E-AB1A-85B894528CCD}.Release|Any CPU.Build.0 = Release|Any CPU
		{9FFA53FB-69AC-4638-888B-C655BE73BFF9}.Debug|Any CPU.ActiveCfg = Debug|Any CPU
		{9FFA53FB-69AC-4638-888B-C655BE73BFF9}.Debug|Any CPU.Build.0 = Debug|Any CPU
		{9FFA53FB-69AC-4638-888B-C655BE73BFF9}.Release|Any CPU.ActiveCfg = Release|Any CPU
		{9FFA53FB-69AC-4638-888B-C655BE73BFF9}.Release|Any CPU.Build.0 = Release|Any CPU
		{12F6D2DF-ED0B-496A-BDBA-DBA9931759D2}.Debug|Any CPU.ActiveCfg = Debug|Any CPU
		{12F6D2DF-ED0B-496A-BDBA-DBA9931759D2}.Debug|Any CPU.Build.0 = Debug|Any CPU
		{12F6D2DF-ED0B-496A-BDBA-DBA9931759D2}.Release|Any CPU.ActiveCfg = Release|Any CPU
		{12F6D2DF-ED0B-496A-BDBA-DBA9931759D2}.Release|Any CPU.Build.0 = Release|Any CPU
		{EDDF92FD-39A8-4354-A8C8-7FC69FFD40B0}.Debug|Any CPU.ActiveCfg = Debug|Any CPU
		{EDDF92FD-39A8-4354-A8C8-7FC69FFD40B0}.Debug|Any CPU.Build.0 = Debug|Any CPU
		{EDDF92FD-39A8-4354-A8C8-7FC69FFD40B0}.Release|Any CPU.ActiveCfg = Release|Any CPU
		{EDDF92FD-39A8-4354-A8C8-7FC69FFD40B0}.Release|Any CPU.Build.0 = Release|Any CPU
		{EA7B861A-8267-4768-9FED-B69AB03F3403}.Debug|Any CPU.ActiveCfg = Debug|Any CPU
		{EA7B861A-8267-4768-9FED-B69AB03F3403}.Debug|Any CPU.Build.0 = Debug|Any CPU
		{EA7B861A-8267-4768-9FED-B69AB03F3403}.Release|Any CPU.ActiveCfg = Release|Any CPU
		{EA7B861A-8267-4768-9FED-B69AB03F3403}.Release|Any CPU.Build.0 = Release|Any CPU
		{5E7AED33-28AE-486F-943E-104D56FEA91F}.Debug|Any CPU.ActiveCfg = Debug|Any CPU
		{5E7AED33-28AE-486F-943E-104D56FEA91F}.Debug|Any CPU.Build.0 = Debug|Any CPU
		{5E7AED33-28AE-486F-943E-104D56FEA91F}.Release|Any CPU.ActiveCfg = Release|Any CPU
		{5E7AED33-28AE-486F-943E-104D56FEA91F}.Release|Any CPU.Build.0 = Release|Any CPU
		{666013DC-8122-4C99-9C44-FAEA0E0887C2}.Debug|Any CPU.ActiveCfg = Debug|Any CPU
		{666013DC-8122-4C99-9C44-FAEA0E0887C2}.Debug|Any CPU.Build.0 = Debug|Any CPU
		{666013DC-8122-4C99-9C44-FAEA0E0887C2}.Release|Any CPU.ActiveCfg = Release|Any CPU
		{666013DC-8122-4C99-9C44-FAEA0E0887C2}.Release|Any CPU.Build.0 = Release|Any CPU
		{C3C28546-ABCE-48F3-8E9D-97A3FDC710A9}.Debug|Any CPU.ActiveCfg = Debug|Any CPU
		{C3C28546-ABCE-48F3-8E9D-97A3FDC710A9}.Debug|Any CPU.Build.0 = Debug|Any CPU
		{C3C28546-ABCE-48F3-8E9D-97A3FDC710A9}.Release|Any CPU.ActiveCfg = Release|Any CPU
		{C3C28546-ABCE-48F3-8E9D-97A3FDC710A9}.Release|Any CPU.Build.0 = Release|Any CPU
		{BDCAE41F-4BC6-4F9E-B379-25B45F3E772D}.Debug|Any CPU.ActiveCfg = Debug|Any CPU
		{BDCAE41F-4BC6-4F9E-B379-25B45F3E772D}.Debug|Any CPU.Build.0 = Debug|Any CPU
		{BDCAE41F-4BC6-4F9E-B379-25B45F3E772D}.Release|Any CPU.ActiveCfg = Release|Any CPU
		{BDCAE41F-4BC6-4F9E-B379-25B45F3E772D}.Release|Any CPU.Build.0 = Release|Any CPU
		{2D68C67F-B26A-4BA3-BB16-B4975E5818A9}.Debug|Any CPU.ActiveCfg = Debug|Any CPU
		{2D68C67F-B26A-4BA3-BB16-B4975E5818A9}.Debug|Any CPU.Build.0 = Debug|Any CPU
		{2D68C67F-B26A-4BA3-BB16-B4975E5818A9}.Release|Any CPU.ActiveCfg = Release|Any CPU
		{2D68C67F-B26A-4BA3-BB16-B4975E5818A9}.Release|Any CPU.Build.0 = Release|Any CPU
		{BF6536DF-44F4-482A-A459-AEAF503C15E2}.Debug|Any CPU.ActiveCfg = Debug|Any CPU
		{BF6536DF-44F4-482A-A459-AEAF503C15E2}.Debug|Any CPU.Build.0 = Debug|Any CPU
		{BF6536DF-44F4-482A-A459-AEAF503C15E2}.Release|Any CPU.ActiveCfg = Release|Any CPU
		{BF6536DF-44F4-482A-A459-AEAF503C15E2}.Release|Any CPU.Build.0 = Release|Any CPU
		{0B9A1792-FD05-4743-AFA6-D5C910BD531A}.Debug|Any CPU.ActiveCfg = Debug|Any CPU
		{0B9A1792-FD05-4743-AFA6-D5C910BD531A}.Debug|Any CPU.Build.0 = Debug|Any CPU
		{0B9A1792-FD05-4743-AFA6-D5C910BD531A}.Release|Any CPU.ActiveCfg = Release|Any CPU
		{0B9A1792-FD05-4743-AFA6-D5C910BD531A}.Release|Any CPU.Build.0 = Release|Any CPU
		{90D97FA5-CF16-4D95-B394-43A4DA00DE40}.Debug|Any CPU.ActiveCfg = Debug|Any CPU
		{90D97FA5-CF16-4D95-B394-43A4DA00DE40}.Debug|Any CPU.Build.0 = Debug|Any CPU
		{90D97FA5-CF16-4D95-B394-43A4DA00DE40}.Release|Any CPU.ActiveCfg = Release|Any CPU
		{90D97FA5-CF16-4D95-B394-43A4DA00DE40}.Release|Any CPU.Build.0 = Release|Any CPU
		{E3D0B342-36F4-4D93-BDE1-D520EB5B722F}.Debug|Any CPU.ActiveCfg = Debug|Any CPU
		{E3D0B342-36F4-4D93-BDE1-D520EB5B722F}.Debug|Any CPU.Build.0 = Debug|Any CPU
		{E3D0B342-36F4-4D93-BDE1-D520EB5B722F}.Release|Any CPU.ActiveCfg = Release|Any CPU
		{E3D0B342-36F4-4D93-BDE1-D520EB5B722F}.Release|Any CPU.Build.0 = Release|Any CPU
	EndGlobalSection
EndGlobal
